// !$*UTF8*$!
{
	archiveVersion = 1;
	classes = {
	};
	objectVersion = 56;
	objects = {

/* Begin PBXBuildFile section */
		830E268B2C18665B00815936 /* ProgressX_2UITests.swift in Sources */ = {isa = PBXBuildFile; fileRef = 830E268A2C18665B00815936 /* ProgressX_2UITests.swift */; };
		830E268D2C18665B00815936 /* ProgressX_2UITestsLaunchTests.swift in Sources */ = {isa = PBXBuildFile; fileRef = 830E268C2C18665B00815936 /* ProgressX_2UITestsLaunchTests.swift */; };
		8310D90B2BFA2139004A5A3D /* StatisticsView.swift in Sources */ = {isa = PBXBuildFile; fileRef = 8310D90A2BFA2139004A5A3D /* StatisticsView.swift */; };
		8310D90D2BFA3419004A5A3D /* LightSubHeadline.swift in Sources */ = {isa = PBXBuildFile; fileRef = 8310D90C2BFA3419004A5A3D /* LightSubHeadline.swift */; };
		8310D90F2BFA3425004A5A3D /* BoldSubHeadline.swift in Sources */ = {isa = PBXBuildFile; fileRef = 8310D90E2BFA3425004A5A3D /* BoldSubHeadline.swift */; };
		8310D9112BFA3436004A5A3D /* BoldTitle.swift in Sources */ = {isa = PBXBuildFile; fileRef = 8310D9102BFA3436004A5A3D /* BoldTitle.swift */; };
		8310D9132C0001D5004A5A3D /* SingleChart.swift in Sources */ = {isa = PBXBuildFile; fileRef = 8310D9122C0001D5004A5A3D /* SingleChart.swift */; };
		8310D9152C000437004A5A3D /* PrList.swift in Sources */ = {isa = PBXBuildFile; fileRef = 8310D9142C000437004A5A3D /* PrList.swift */; };
		8310D91C2C051951004A5A3D /* JsonValidtionTests.swift in Sources */ = {isa = PBXBuildFile; fileRef = 8310D91B2C051951004A5A3D /* JsonValidtionTests.swift */; };
		8310D91E2C076745004A5A3D /* GeneralInfoTimeExercise.swift in Sources */ = {isa = PBXBuildFile; fileRef = 8310D91D2C076745004A5A3D /* GeneralInfoTimeExercise.swift */; };
		8310D9222C08D463004A5A3D /* DoubleChart.swift in Sources */ = {isa = PBXBuildFile; fileRef = 8310D9212C08D463004A5A3D /* DoubleChart.swift */; };
		8310D9292C0CA170004A5A3D /* PrListItem.swift in Sources */ = {isa = PBXBuildFile; fileRef = 8310D9282C0CA170004A5A3D /* PrListItem.swift */; };
		8310D9302C0CAB1D004A5A3D /* ExerciseListItem.swift in Sources */ = {isa = PBXBuildFile; fileRef = 8310D92F2C0CAB1D004A5A3D /* ExerciseListItem.swift */; };
		8310D9322C0E0617004A5A3D /* EditPrView.swift in Sources */ = {isa = PBXBuildFile; fileRef = 8310D9312C0E0617004A5A3D /* EditPrView.swift */; };
		831F2BDD2C204C98007A7A8A /* CreateNewPersonalRecordView.swift in Sources */ = {isa = PBXBuildFile; fileRef = 831F2BDC2C204C98007A7A8A /* CreateNewPersonalRecordView.swift */; };
		831F2BF12C209FB1007A7A8A /* Completable.swift in Sources */ = {isa = PBXBuildFile; fileRef = 831F2BF02C209FB1007A7A8A /* Completable.swift */; };
		831F2BF32C20A0CA007A7A8A /* TrainingSet+TemplateSet.swift in Sources */ = {isa = PBXBuildFile; fileRef = 831F2BF22C20A0CA007A7A8A /* TrainingSet+TemplateSet.swift */; };
		831F2BF52C20A74C007A7A8A /* Session+TemplateSession.swift in Sources */ = {isa = PBXBuildFile; fileRef = 831F2BF42C20A74C007A7A8A /* Session+TemplateSession.swift */; };
		831F2BFA2C20E38D007A7A8A /* DataModelTests.swift in Sources */ = {isa = PBXBuildFile; fileRef = 831F2BF82C20E38D007A7A8A /* DataModelTests.swift */; };
		831F2C082C21938E007A7A8A /* TrainingWeek+TemplateWeek.swift in Sources */ = {isa = PBXBuildFile; fileRef = 831F2C072C21938E007A7A8A /* TrainingWeek+TemplateWeek.swift */; };
		831F2C0A2C2195D8007A7A8A /* Cycle+TemplateCycle.swift in Sources */ = {isa = PBXBuildFile; fileRef = 831F2C092C2195D8007A7A8A /* Cycle+TemplateCycle.swift */; };
		831F2C0C2C21D043007A7A8A /* SideBar.swift in Sources */ = {isa = PBXBuildFile; fileRef = 831F2C0B2C21D043007A7A8A /* SideBar.swift */; };
		831F2C0E2C21D066007A7A8A /* HomeView.swift in Sources */ = {isa = PBXBuildFile; fileRef = 831F2C0D2C21D066007A7A8A /* HomeView.swift */; };
		831F2C102C22F029007A7A8A /* RoutineLibraryView.swift in Sources */ = {isa = PBXBuildFile; fileRef = 831F2C0F2C22F029007A7A8A /* RoutineLibraryView.swift */; };
		831F2C142C22FB7A007A7A8A /* ValidationNSErrors.swift in Sources */ = {isa = PBXBuildFile; fileRef = 831F2C132C22FB7A007A7A8A /* ValidationNSErrors.swift */; };
		831F2C182C2305F9007A7A8A /* RoutineListItem.swift in Sources */ = {isa = PBXBuildFile; fileRef = 831F2C172C2305F9007A7A8A /* RoutineListItem.swift */; };
		831F2C1A2C230C07007A7A8A /* CreateNewRoutineView.swift in Sources */ = {isa = PBXBuildFile; fileRef = 831F2C192C230C07007A7A8A /* CreateNewRoutineView.swift */; };
		831F2C1C2C23132F007A7A8A /* EditRoutineView.swift in Sources */ = {isa = PBXBuildFile; fileRef = 831F2C1B2C23132F007A7A8A /* EditRoutineView.swift */; };
		831F2C1F2C231E40007A7A8A /* SearchBar.swift in Sources */ = {isa = PBXBuildFile; fileRef = 831F2C1E2C231E40007A7A8A /* SearchBar.swift */; };
		831F2C252C242777007A7A8A /* SearchableList.swift in Sources */ = {isa = PBXBuildFile; fileRef = 831F2C242C242777007A7A8A /* SearchableList.swift */; };
		831F2C272C243381007A7A8A /* BasicList.swift in Sources */ = {isa = PBXBuildFile; fileRef = 831F2C262C243381007A7A8A /* BasicList.swift */; };
		831F2C292C247B40007A7A8A /* Routine.swift in Sources */ = {isa = PBXBuildFile; fileRef = 831F2C282C247B40007A7A8A /* Routine.swift */; };
		831F2C2B2C24A2F4007A7A8A /* TemplateWeekListItem.swift in Sources */ = {isa = PBXBuildFile; fileRef = 831F2C2A2C24A2F4007A7A8A /* TemplateWeekListItem.swift */; };
		831F2C2E2C24E532007A7A8A /* TemplateSessionListItem.swift in Sources */ = {isa = PBXBuildFile; fileRef = 831F2C2D2C24E532007A7A8A /* TemplateSessionListItem.swift */; };
		831F2C302C24E54B007A7A8A /* TemplateSetListItem.swift in Sources */ = {isa = PBXBuildFile; fileRef = 831F2C2F2C24E54B007A7A8A /* TemplateSetListItem.swift */; };
		831F2C322C24E8F1007A7A8A /* DataModelEnums.swift in Sources */ = {isa = PBXBuildFile; fileRef = 831F2C312C24E8F1007A7A8A /* DataModelEnums.swift */; };
		831F2C362C288D38007A7A8A /* EditWeekView.swift in Sources */ = {isa = PBXBuildFile; fileRef = 831F2C352C288D38007A7A8A /* EditWeekView.swift */; };
		831F2C382C288D66007A7A8A /* RoutineStatisticsView.swift in Sources */ = {isa = PBXBuildFile; fileRef = 831F2C372C288D66007A7A8A /* RoutineStatisticsView.swift */; };
		832213E42BC92D8E00DF9C7A /* ProgressX_2App.swift in Sources */ = {isa = PBXBuildFile; fileRef = 832213E32BC92D8E00DF9C7A /* ProgressX_2App.swift */; };
		832213E82BC92D9000DF9C7A /* Assets.xcassets in Resources */ = {isa = PBXBuildFile; fileRef = 832213E72BC92D9000DF9C7A /* Assets.xcassets */; };
		832213EB2BC92D9000DF9C7A /* Preview Assets.xcassets in Resources */ = {isa = PBXBuildFile; fileRef = 832213EA2BC92D9000DF9C7A /* Preview Assets.xcassets */; };
		832213ED2BC92D9000DF9C7A /* Persistence.swift in Sources */ = {isa = PBXBuildFile; fileRef = 832213EC2BC92D9000DF9C7A /* Persistence.swift */; };
		832213F02BC92D9000DF9C7A /* ProgressX_2.xcdatamodeld in Sources */ = {isa = PBXBuildFile; fileRef = 832213EE2BC92D9000DF9C7A /* ProgressX_2.xcdatamodeld */; };
		832214152BC937F800DF9C7A /* README.md in Resources */ = {isa = PBXBuildFile; fileRef = 832214142BC937F800DF9C7A /* README.md */; };
		832214172BC938C400DF9C7A /* CreateNewProfile1.swift in Sources */ = {isa = PBXBuildFile; fileRef = 832214162BC938C400DF9C7A /* CreateNewProfile1.swift */; };
		832214242BD4300B00DF9C7A /* InputShortTextField.swift in Sources */ = {isa = PBXBuildFile; fileRef = 832214232BD4300B00DF9C7A /* InputShortTextField.swift */; };
		832214262BD64C2E00DF9C7A /* BasicSegPicker.swift in Sources */ = {isa = PBXBuildFile; fileRef = 832214252BD64C2E00DF9C7A /* BasicSegPicker.swift */; };
		832214282BD65A0E00DF9C7A /* InputDecimalNumberField.swift in Sources */ = {isa = PBXBuildFile; fileRef = 832214272BD65A0E00DF9C7A /* InputDecimalNumberField.swift */; };
		8322142C2BD669C000DF9C7A /* CreateNewProfile2.swift in Sources */ = {isa = PBXBuildFile; fileRef = 8322142B2BD669C000DF9C7A /* CreateNewProfile2.swift */; };
		8322142E2BD6BF7200DF9C7A /* CreateNewProfile3.swift in Sources */ = {isa = PBXBuildFile; fileRef = 8322142D2BD6BF7200DF9C7A /* CreateNewProfile3.swift */; };
		832214302BD6D3DE00DF9C7A /* ViewRouter.swift in Sources */ = {isa = PBXBuildFile; fileRef = 8322142F2BD6D3DE00DF9C7A /* ViewRouter.swift */; };
		8359F9712C1AE779004BA421 /* Persistence+Convenience-functions.swift in Sources */ = {isa = PBXBuildFile; fileRef = 8359F9702C1AE779004BA421 /* Persistence+Convenience-functions.swift */; };
		8359F9742C1AF9AC004BA421 /* InputFieldValidator.swift in Sources */ = {isa = PBXBuildFile; fileRef = 8359F9732C1AF9AC004BA421 /* InputFieldValidator.swift */; };
		8359F9762C1B1D28004BA421 /* IntFieldValidator.swift in Sources */ = {isa = PBXBuildFile; fileRef = 8359F9752C1B1D28004BA421 /* IntFieldValidator.swift */; };
		8359F9782C1B1D3F004BA421 /* DoubleFieldValidator.swift in Sources */ = {isa = PBXBuildFile; fileRef = 8359F9772C1B1D3F004BA421 /* DoubleFieldValidator.swift */; };
		8359F97A2C1B1D4A004BA421 /* StringFieldValidator.swift in Sources */ = {isa = PBXBuildFile; fileRef = 8359F9792C1B1D4A004BA421 /* StringFieldValidator.swift */; };
		8359F97D2C1C63F5004BA421 /* BodyEntry.swift in Sources */ = {isa = PBXBuildFile; fileRef = 8359F97C2C1C63F5004BA421 /* BodyEntry.swift */; };
		8359F97F2C1C64BE004BA421 /* Achievement.swift in Sources */ = {isa = PBXBuildFile; fileRef = 8359F97E2C1C64BE004BA421 /* Achievement.swift */; };
		8386FC542BDD0CBE005E34F9 /* InputField.swift in Sources */ = {isa = PBXBuildFile; fileRef = 8386FC532BDD0CBE005E34F9 /* InputField.swift */; };
		83ACDB422BE57E8500BE9FE2 /* InputIntegerNumberField.swift in Sources */ = {isa = PBXBuildFile; fileRef = 83ACDB412BE57E8500BE9FE2 /* InputIntegerNumberField.swift */; };
		83AD4A8E2BF3BC3C00A2E180 /* NSManagedObject.swift in Sources */ = {isa = PBXBuildFile; fileRef = 83AD4A8D2BF3BC3C00A2E180 /* NSManagedObject.swift */; };
		83AD4A932BF4136000A2E180 /* ExerciseLibraryView.swift in Sources */ = {isa = PBXBuildFile; fileRef = 83AD4A922BF4136000A2E180 /* ExerciseLibraryView.swift */; };
		83AD4A972BF63A4000A2E180 /* CreateNewExerciseView.swift in Sources */ = {isa = PBXBuildFile; fileRef = 83AD4A962BF63A4000A2E180 /* CreateNewExerciseView.swift */; };
		83AD4A992BF63BB300A2E180 /* EditExerciseView.swift in Sources */ = {isa = PBXBuildFile; fileRef = 83AD4A982BF63BB300A2E180 /* EditExerciseView.swift */; };
		83C188412C0F701300826E3A /* GeneralInfoRepsExercise.swift in Sources */ = {isa = PBXBuildFile; fileRef = 83C188402C0F701300826E3A /* GeneralInfoRepsExercise.swift */; };
		83C76F822C17020F0051D8FB /* PersonalRecord.swift in Sources */ = {isa = PBXBuildFile; fileRef = 83C76F812C17020F0051D8FB /* PersonalRecord.swift */; };
		83D684F02C2DFEDF00FA78C6 /* HasOrderable.swift in Sources */ = {isa = PBXBuildFile; fileRef = 83D684EF2C2DFEDF00FA78C6 /* HasOrderable.swift */; };
		83D684F22C2E04E900FA78C6 /* Exercise.swift in Sources */ = {isa = PBXBuildFile; fileRef = 83D684F12C2E04E900FA78C6 /* Exercise.swift */; };
		83D684F62C2E064500FA78C6 /* Profile.swift in Sources */ = {isa = PBXBuildFile; fileRef = 83D684F52C2E064500FA78C6 /* Profile.swift */; };
		83D684F92C2EC74900FA78C6 /* Orderable.swift in Sources */ = {isa = PBXBuildFile; fileRef = 83D684F82C2EC74900FA78C6 /* Orderable.swift */; };
		83D684FE2C327FBB00FA78C6 /* Threshold.swift in Sources */ = {isa = PBXBuildFile; fileRef = 83D684FD2C327FBB00FA78C6 /* Threshold.swift */; };
		83D685002C32A24E00FA78C6 /* EditSessionView.swift in Sources */ = {isa = PBXBuildFile; fileRef = 83D684FF2C32A24E00FA78C6 /* EditSessionView.swift */; };
		83D685042C32AEA900FA78C6 /* CreateNewTemplateSetView.swift in Sources */ = {isa = PBXBuildFile; fileRef = 83D685032C32AEA900FA78C6 /* CreateNewTemplateSetView.swift */; };
		83D685062C32DDF700FA78C6 /* SetExerciseSelectionList.swift in Sources */ = {isa = PBXBuildFile; fileRef = 83D685052C32DDF700FA78C6 /* SetExerciseSelectionList.swift */; };
		83D685082C332DCF00FA78C6 /* MagnifiedTemplateSetView.swift in Sources */ = {isa = PBXBuildFile; fileRef = 83D685072C332DCF00FA78C6 /* MagnifiedTemplateSetView.swift */; };
		83D6850B2C33309800FA78C6 /* ThresholdListItem.swift in Sources */ = {isa = PBXBuildFile; fileRef = 83D6850A2C33309800FA78C6 /* ThresholdListItem.swift */; };
		83EE6EE52C1F351500FF17C1 /* MockLaunchScreen.swift in Sources */ = {isa = PBXBuildFile; fileRef = 83EE6EE32C1F351500FF17C1 /* MockLaunchScreen.swift */; };
		83EE6EE62C1F351500FF17C1 /* Launch Screen.storyboard in Resources */ = {isa = PBXBuildFile; fileRef = 83EE6EE42C1F351500FF17C1 /* Launch Screen.storyboard */; };
		83F110B92C1CC9600068953B /* CreateNewProfile4.swift in Sources */ = {isa = PBXBuildFile; fileRef = 83F110B82C1CC9600068953B /* CreateNewProfile4.swift */; };
		83F110BC2C1F26040068953B /* SubmitAlert.swift in Sources */ = {isa = PBXBuildFile; fileRef = 83F110BB2C1F26040068953B /* SubmitAlert.swift */; };
		83FBF1E12C15BDAE004D0E2A /* InMemoryInit.swift in Sources */ = {isa = PBXBuildFile; fileRef = 83FBF1E02C15BDAE004D0E2A /* InMemoryInit.swift */; };
		8F8B9F062C21975B0072A39D /* SideBarBuilder.swift in Sources */ = {isa = PBXBuildFile; fileRef = 8F8B9F052C21975B0072A39D /* SideBarBuilder.swift */; };
		8F8B9F0A2C21A0C30072A39D /* ProfileView.swift in Sources */ = {isa = PBXBuildFile; fileRef = 8F8B9F092C21A0C30072A39D /* ProfileView.swift */; };
		8F8B9F0C2C21A44D0072A39D /* SideBarButton.swift in Sources */ = {isa = PBXBuildFile; fileRef = 8F8B9F0B2C21A44D0072A39D /* SideBarButton.swift */; };
/* End PBXBuildFile section */

/* Begin PBXContainerItemProxy section */
		830E268E2C18665B00815936 /* PBXContainerItemProxy */ = {
			isa = PBXContainerItemProxy;
			containerPortal = 832213D82BC92D8E00DF9C7A /* Project object */;
			proxyType = 1;
			remoteGlobalIDString = 832213DF2BC92D8E00DF9C7A;
			remoteInfo = "ProgressX-2";
		};
		832213F62BC92D9000DF9C7A /* PBXContainerItemProxy */ = {
			isa = PBXContainerItemProxy;
			containerPortal = 832213D82BC92D8E00DF9C7A /* Project object */;
			proxyType = 1;
			remoteGlobalIDString = 832213DF2BC92D8E00DF9C7A;
			remoteInfo = "ProgressX-2";
		};
/* End PBXContainerItemProxy section */

/* Begin PBXFileReference section */
		830E26882C18665B00815936 /* ProgressX-2UITests.xctest */ = {isa = PBXFileReference; explicitFileType = wrapper.cfbundle; includeInIndex = 0; path = "ProgressX-2UITests.xctest"; sourceTree = BUILT_PRODUCTS_DIR; };
		830E268A2C18665B00815936 /* ProgressX_2UITests.swift */ = {isa = PBXFileReference; lastKnownFileType = sourcecode.swift; path = ProgressX_2UITests.swift; sourceTree = "<group>"; };
		830E268C2C18665B00815936 /* ProgressX_2UITestsLaunchTests.swift */ = {isa = PBXFileReference; lastKnownFileType = sourcecode.swift; path = ProgressX_2UITestsLaunchTests.swift; sourceTree = "<group>"; };
		8310D90A2BFA2139004A5A3D /* StatisticsView.swift */ = {isa = PBXFileReference; lastKnownFileType = sourcecode.swift; path = StatisticsView.swift; sourceTree = "<group>"; };
		8310D90C2BFA3419004A5A3D /* LightSubHeadline.swift */ = {isa = PBXFileReference; lastKnownFileType = sourcecode.swift; path = LightSubHeadline.swift; sourceTree = "<group>"; };
		8310D90E2BFA3425004A5A3D /* BoldSubHeadline.swift */ = {isa = PBXFileReference; lastKnownFileType = sourcecode.swift; path = BoldSubHeadline.swift; sourceTree = "<group>"; };
		8310D9102BFA3436004A5A3D /* BoldTitle.swift */ = {isa = PBXFileReference; lastKnownFileType = sourcecode.swift; path = BoldTitle.swift; sourceTree = "<group>"; };
		8310D9122C0001D5004A5A3D /* SingleChart.swift */ = {isa = PBXFileReference; lastKnownFileType = sourcecode.swift; path = SingleChart.swift; sourceTree = "<group>"; };
		8310D9142C000437004A5A3D /* PrList.swift */ = {isa = PBXFileReference; lastKnownFileType = sourcecode.swift; path = PrList.swift; sourceTree = "<group>"; };
		8310D91B2C051951004A5A3D /* JsonValidtionTests.swift */ = {isa = PBXFileReference; lastKnownFileType = sourcecode.swift; path = JsonValidtionTests.swift; sourceTree = "<group>"; };
		8310D91D2C076745004A5A3D /* GeneralInfoTimeExercise.swift */ = {isa = PBXFileReference; lastKnownFileType = sourcecode.swift; path = GeneralInfoTimeExercise.swift; sourceTree = "<group>"; };
		8310D9212C08D463004A5A3D /* DoubleChart.swift */ = {isa = PBXFileReference; lastKnownFileType = sourcecode.swift; path = DoubleChart.swift; sourceTree = "<group>"; };
		8310D9282C0CA170004A5A3D /* PrListItem.swift */ = {isa = PBXFileReference; lastKnownFileType = sourcecode.swift; path = PrListItem.swift; sourceTree = "<group>"; };
		8310D92F2C0CAB1D004A5A3D /* ExerciseListItem.swift */ = {isa = PBXFileReference; lastKnownFileType = sourcecode.swift; path = ExerciseListItem.swift; sourceTree = "<group>"; };
		8310D9312C0E0617004A5A3D /* EditPrView.swift */ = {isa = PBXFileReference; lastKnownFileType = sourcecode.swift; path = EditPrView.swift; sourceTree = "<group>"; };
		831F2BDC2C204C98007A7A8A /* CreateNewPersonalRecordView.swift */ = {isa = PBXFileReference; lastKnownFileType = sourcecode.swift; path = CreateNewPersonalRecordView.swift; sourceTree = "<group>"; };
		831F2BF02C209FB1007A7A8A /* Completable.swift */ = {isa = PBXFileReference; lastKnownFileType = sourcecode.swift; path = Completable.swift; sourceTree = "<group>"; };
		831F2BF22C20A0CA007A7A8A /* TrainingSet+TemplateSet.swift */ = {isa = PBXFileReference; lastKnownFileType = sourcecode.swift; path = "TrainingSet+TemplateSet.swift"; sourceTree = "<group>"; };
		831F2BF42C20A74C007A7A8A /* Session+TemplateSession.swift */ = {isa = PBXFileReference; lastKnownFileType = sourcecode.swift; path = "Session+TemplateSession.swift"; sourceTree = "<group>"; };
		831F2BF82C20E38D007A7A8A /* DataModelTests.swift */ = {isa = PBXFileReference; fileEncoding = 4; lastKnownFileType = sourcecode.swift; path = DataModelTests.swift; sourceTree = "<group>"; };
		831F2C072C21938E007A7A8A /* TrainingWeek+TemplateWeek.swift */ = {isa = PBXFileReference; lastKnownFileType = sourcecode.swift; path = "TrainingWeek+TemplateWeek.swift"; sourceTree = "<group>"; };
		831F2C092C2195D8007A7A8A /* Cycle+TemplateCycle.swift */ = {isa = PBXFileReference; lastKnownFileType = sourcecode.swift; path = "Cycle+TemplateCycle.swift"; sourceTree = "<group>"; };
		831F2C0B2C21D043007A7A8A /* SideBar.swift */ = {isa = PBXFileReference; fileEncoding = 4; lastKnownFileType = sourcecode.swift; path = SideBar.swift; sourceTree = "<group>"; };
		831F2C0D2C21D066007A7A8A /* HomeView.swift */ = {isa = PBXFileReference; fileEncoding = 4; lastKnownFileType = sourcecode.swift; path = HomeView.swift; sourceTree = "<group>"; };
		831F2C0F2C22F029007A7A8A /* RoutineLibraryView.swift */ = {isa = PBXFileReference; lastKnownFileType = sourcecode.swift; path = RoutineLibraryView.swift; sourceTree = "<group>"; };
		831F2C132C22FB7A007A7A8A /* ValidationNSErrors.swift */ = {isa = PBXFileReference; lastKnownFileType = sourcecode.swift; path = ValidationNSErrors.swift; sourceTree = "<group>"; };
		831F2C172C2305F9007A7A8A /* RoutineListItem.swift */ = {isa = PBXFileReference; lastKnownFileType = sourcecode.swift; path = RoutineListItem.swift; sourceTree = "<group>"; };
		831F2C192C230C07007A7A8A /* CreateNewRoutineView.swift */ = {isa = PBXFileReference; lastKnownFileType = sourcecode.swift; path = CreateNewRoutineView.swift; sourceTree = "<group>"; };
		831F2C1B2C23132F007A7A8A /* EditRoutineView.swift */ = {isa = PBXFileReference; lastKnownFileType = sourcecode.swift; path = EditRoutineView.swift; sourceTree = "<group>"; };
		831F2C1E2C231E40007A7A8A /* SearchBar.swift */ = {isa = PBXFileReference; lastKnownFileType = sourcecode.swift; path = SearchBar.swift; sourceTree = "<group>"; };
		831F2C242C242777007A7A8A /* SearchableList.swift */ = {isa = PBXFileReference; lastKnownFileType = sourcecode.swift; path = SearchableList.swift; sourceTree = "<group>"; };
		831F2C262C243381007A7A8A /* BasicList.swift */ = {isa = PBXFileReference; lastKnownFileType = sourcecode.swift; path = BasicList.swift; sourceTree = "<group>"; };
		831F2C282C247B40007A7A8A /* Routine.swift */ = {isa = PBXFileReference; lastKnownFileType = sourcecode.swift; path = Routine.swift; sourceTree = "<group>"; };
		831F2C2A2C24A2F4007A7A8A /* TemplateWeekListItem.swift */ = {isa = PBXFileReference; lastKnownFileType = sourcecode.swift; path = TemplateWeekListItem.swift; sourceTree = "<group>"; };
		831F2C2D2C24E532007A7A8A /* TemplateSessionListItem.swift */ = {isa = PBXFileReference; lastKnownFileType = sourcecode.swift; path = TemplateSessionListItem.swift; sourceTree = "<group>"; };
		831F2C2F2C24E54B007A7A8A /* TemplateSetListItem.swift */ = {isa = PBXFileReference; lastKnownFileType = sourcecode.swift; path = TemplateSetListItem.swift; sourceTree = "<group>"; };
		831F2C312C24E8F1007A7A8A /* DataModelEnums.swift */ = {isa = PBXFileReference; lastKnownFileType = sourcecode.swift; path = DataModelEnums.swift; sourceTree = "<group>"; };
		831F2C352C288D38007A7A8A /* EditWeekView.swift */ = {isa = PBXFileReference; lastKnownFileType = sourcecode.swift; path = EditWeekView.swift; sourceTree = "<group>"; };
		831F2C372C288D66007A7A8A /* RoutineStatisticsView.swift */ = {isa = PBXFileReference; lastKnownFileType = sourcecode.swift; path = RoutineStatisticsView.swift; sourceTree = "<group>"; };
		832213E02BC92D8E00DF9C7A /* ProgressX-2.app */ = {isa = PBXFileReference; explicitFileType = wrapper.application; includeInIndex = 0; path = "ProgressX-2.app"; sourceTree = BUILT_PRODUCTS_DIR; };
		832213E32BC92D8E00DF9C7A /* ProgressX_2App.swift */ = {isa = PBXFileReference; lastKnownFileType = sourcecode.swift; path = ProgressX_2App.swift; sourceTree = "<group>"; };
		832213E72BC92D9000DF9C7A /* Assets.xcassets */ = {isa = PBXFileReference; lastKnownFileType = folder.assetcatalog; path = Assets.xcassets; sourceTree = "<group>"; };
		832213EA2BC92D9000DF9C7A /* Preview Assets.xcassets */ = {isa = PBXFileReference; lastKnownFileType = folder.assetcatalog; path = "Preview Assets.xcassets"; sourceTree = "<group>"; };
		832213EC2BC92D9000DF9C7A /* Persistence.swift */ = {isa = PBXFileReference; lastKnownFileType = sourcecode.swift; path = Persistence.swift; sourceTree = "<group>"; };
		832213EF2BC92D9000DF9C7A /* ProgressX_2.xcdatamodel */ = {isa = PBXFileReference; lastKnownFileType = wrapper.xcdatamodel; path = ProgressX_2.xcdatamodel; sourceTree = "<group>"; };
		832213F52BC92D9000DF9C7A /* ProgressX-2Tests.xctest */ = {isa = PBXFileReference; explicitFileType = wrapper.cfbundle; includeInIndex = 0; path = "ProgressX-2Tests.xctest"; sourceTree = BUILT_PRODUCTS_DIR; };
		832214142BC937F800DF9C7A /* README.md */ = {isa = PBXFileReference; fileEncoding = 4; lastKnownFileType = net.daringfireball.markdown; path = README.md; sourceTree = SOURCE_ROOT; };
		832214162BC938C400DF9C7A /* CreateNewProfile1.swift */ = {isa = PBXFileReference; lastKnownFileType = sourcecode.swift; path = CreateNewProfile1.swift; sourceTree = "<group>"; };
		832214232BD4300B00DF9C7A /* InputShortTextField.swift */ = {isa = PBXFileReference; lastKnownFileType = sourcecode.swift; path = InputShortTextField.swift; sourceTree = "<group>"; };
		832214252BD64C2E00DF9C7A /* BasicSegPicker.swift */ = {isa = PBXFileReference; lastKnownFileType = sourcecode.swift; path = BasicSegPicker.swift; sourceTree = "<group>"; };
		832214272BD65A0E00DF9C7A /* InputDecimalNumberField.swift */ = {isa = PBXFileReference; lastKnownFileType = sourcecode.swift; path = InputDecimalNumberField.swift; sourceTree = "<group>"; };
		8322142B2BD669C000DF9C7A /* CreateNewProfile2.swift */ = {isa = PBXFileReference; lastKnownFileType = sourcecode.swift; path = CreateNewProfile2.swift; sourceTree = "<group>"; };
		8322142D2BD6BF7200DF9C7A /* CreateNewProfile3.swift */ = {isa = PBXFileReference; lastKnownFileType = sourcecode.swift; path = CreateNewProfile3.swift; sourceTree = "<group>"; };
		8322142F2BD6D3DE00DF9C7A /* ViewRouter.swift */ = {isa = PBXFileReference; lastKnownFileType = sourcecode.swift; path = ViewRouter.swift; sourceTree = "<group>"; };
		8359F9702C1AE779004BA421 /* Persistence+Convenience-functions.swift */ = {isa = PBXFileReference; lastKnownFileType = sourcecode.swift; path = "Persistence+Convenience-functions.swift"; sourceTree = "<group>"; };
		8359F9732C1AF9AC004BA421 /* InputFieldValidator.swift */ = {isa = PBXFileReference; lastKnownFileType = sourcecode.swift; path = InputFieldValidator.swift; sourceTree = "<group>"; };
		8359F9752C1B1D28004BA421 /* IntFieldValidator.swift */ = {isa = PBXFileReference; lastKnownFileType = sourcecode.swift; path = IntFieldValidator.swift; sourceTree = "<group>"; };
		8359F9772C1B1D3F004BA421 /* DoubleFieldValidator.swift */ = {isa = PBXFileReference; lastKnownFileType = sourcecode.swift; path = DoubleFieldValidator.swift; sourceTree = "<group>"; };
		8359F9792C1B1D4A004BA421 /* StringFieldValidator.swift */ = {isa = PBXFileReference; lastKnownFileType = sourcecode.swift; path = StringFieldValidator.swift; sourceTree = "<group>"; };
		8359F97C2C1C63F5004BA421 /* BodyEntry.swift */ = {isa = PBXFileReference; lastKnownFileType = sourcecode.swift; path = BodyEntry.swift; sourceTree = "<group>"; };
		8359F97E2C1C64BE004BA421 /* Achievement.swift */ = {isa = PBXFileReference; lastKnownFileType = sourcecode.swift; path = Achievement.swift; sourceTree = "<group>"; };
		8386FC532BDD0CBE005E34F9 /* InputField.swift */ = {isa = PBXFileReference; lastKnownFileType = sourcecode.swift; path = InputField.swift; sourceTree = "<group>"; };
		83ACDB412BE57E8500BE9FE2 /* InputIntegerNumberField.swift */ = {isa = PBXFileReference; lastKnownFileType = sourcecode.swift; path = InputIntegerNumberField.swift; sourceTree = "<group>"; };
		83AD4A8D2BF3BC3C00A2E180 /* NSManagedObject.swift */ = {isa = PBXFileReference; lastKnownFileType = sourcecode.swift; path = NSManagedObject.swift; sourceTree = "<group>"; };
		83AD4A922BF4136000A2E180 /* ExerciseLibraryView.swift */ = {isa = PBXFileReference; lastKnownFileType = sourcecode.swift; path = ExerciseLibraryView.swift; sourceTree = "<group>"; };
		83AD4A962BF63A4000A2E180 /* CreateNewExerciseView.swift */ = {isa = PBXFileReference; lastKnownFileType = sourcecode.swift; path = CreateNewExerciseView.swift; sourceTree = "<group>"; };
		83AD4A982BF63BB300A2E180 /* EditExerciseView.swift */ = {isa = PBXFileReference; lastKnownFileType = sourcecode.swift; path = EditExerciseView.swift; sourceTree = "<group>"; };
		83C188402C0F701300826E3A /* GeneralInfoRepsExercise.swift */ = {isa = PBXFileReference; lastKnownFileType = sourcecode.swift; path = GeneralInfoRepsExercise.swift; sourceTree = "<group>"; };
		83C76F812C17020F0051D8FB /* PersonalRecord.swift */ = {isa = PBXFileReference; lastKnownFileType = sourcecode.swift; path = PersonalRecord.swift; sourceTree = "<group>"; };
		83D684EF2C2DFEDF00FA78C6 /* HasOrderable.swift */ = {isa = PBXFileReference; lastKnownFileType = sourcecode.swift; path = HasOrderable.swift; sourceTree = "<group>"; };
		83D684F12C2E04E900FA78C6 /* Exercise.swift */ = {isa = PBXFileReference; lastKnownFileType = sourcecode.swift; path = Exercise.swift; sourceTree = "<group>"; };
		83D684F52C2E064500FA78C6 /* Profile.swift */ = {isa = PBXFileReference; lastKnownFileType = sourcecode.swift; path = Profile.swift; sourceTree = "<group>"; };
		83D684F82C2EC74900FA78C6 /* Orderable.swift */ = {isa = PBXFileReference; lastKnownFileType = sourcecode.swift; path = Orderable.swift; sourceTree = "<group>"; };
		83D684FD2C327FBB00FA78C6 /* Threshold.swift */ = {isa = PBXFileReference; lastKnownFileType = sourcecode.swift; path = Threshold.swift; sourceTree = "<group>"; };
		83D684FF2C32A24E00FA78C6 /* EditSessionView.swift */ = {isa = PBXFileReference; lastKnownFileType = sourcecode.swift; path = EditSessionView.swift; sourceTree = "<group>"; };
		83D685032C32AEA900FA78C6 /* CreateNewTemplateSetView.swift */ = {isa = PBXFileReference; lastKnownFileType = sourcecode.swift; path = CreateNewTemplateSetView.swift; sourceTree = "<group>"; };
		83D685052C32DDF700FA78C6 /* SetExerciseSelectionList.swift */ = {isa = PBXFileReference; lastKnownFileType = sourcecode.swift; path = SetExerciseSelectionList.swift; sourceTree = "<group>"; };
		83D685072C332DCF00FA78C6 /* MagnifiedTemplateSetView.swift */ = {isa = PBXFileReference; lastKnownFileType = sourcecode.swift; path = MagnifiedTemplateSetView.swift; sourceTree = "<group>"; };
		83D6850A2C33309800FA78C6 /* ThresholdListItem.swift */ = {isa = PBXFileReference; lastKnownFileType = sourcecode.swift; path = ThresholdListItem.swift; sourceTree = "<group>"; };
		83EE6EE32C1F351500FF17C1 /* MockLaunchScreen.swift */ = {isa = PBXFileReference; fileEncoding = 4; lastKnownFileType = sourcecode.swift; path = MockLaunchScreen.swift; sourceTree = "<group>"; };
		83EE6EE42C1F351500FF17C1 /* Launch Screen.storyboard */ = {isa = PBXFileReference; fileEncoding = 4; lastKnownFileType = file.storyboard; path = "Launch Screen.storyboard"; sourceTree = "<group>"; };
		83F110B82C1CC9600068953B /* CreateNewProfile4.swift */ = {isa = PBXFileReference; lastKnownFileType = sourcecode.swift; path = CreateNewProfile4.swift; sourceTree = "<group>"; };
		83F110BB2C1F26040068953B /* SubmitAlert.swift */ = {isa = PBXFileReference; lastKnownFileType = sourcecode.swift; path = SubmitAlert.swift; sourceTree = "<group>"; };
		83FBF1E02C15BDAE004D0E2A /* InMemoryInit.swift */ = {isa = PBXFileReference; lastKnownFileType = sourcecode.swift; path = InMemoryInit.swift; sourceTree = "<group>"; };
		8F8B9F052C21975B0072A39D /* SideBarBuilder.swift */ = {isa = PBXFileReference; lastKnownFileType = sourcecode.swift; path = SideBarBuilder.swift; sourceTree = "<group>"; };
		8F8B9F092C21A0C30072A39D /* ProfileView.swift */ = {isa = PBXFileReference; lastKnownFileType = sourcecode.swift; path = ProfileView.swift; sourceTree = "<group>"; };
		8F8B9F0B2C21A44D0072A39D /* SideBarButton.swift */ = {isa = PBXFileReference; lastKnownFileType = sourcecode.swift; path = SideBarButton.swift; sourceTree = "<group>"; };
/* End PBXFileReference section */

/* Begin PBXFrameworksBuildPhase section */
		830E26852C18665B00815936 /* Frameworks */ = {
			isa = PBXFrameworksBuildPhase;
			buildActionMask = 2147483647;
			files = (
			);
			runOnlyForDeploymentPostprocessing = 0;
		};
		832213DD2BC92D8E00DF9C7A /* Frameworks */ = {
			isa = PBXFrameworksBuildPhase;
			buildActionMask = 2147483647;
			files = (
			);
			runOnlyForDeploymentPostprocessing = 0;
		};
		832213F22BC92D9000DF9C7A /* Frameworks */ = {
			isa = PBXFrameworksBuildPhase;
			buildActionMask = 2147483647;
			files = (
			);
			runOnlyForDeploymentPostprocessing = 0;
		};
/* End PBXFrameworksBuildPhase section */

/* Begin PBXGroup section */
		830E26802C1753EF00815936 /* NSManagedObjectExtensions */ = {
			isa = PBXGroup;
			children = (
				83AD4A8D2BF3BC3C00A2E180 /* NSManagedObject.swift */,
				8359F97E2C1C64BE004BA421 /* Achievement.swift */,
				83C76F812C17020F0051D8FB /* PersonalRecord.swift */,
				8359F97C2C1C63F5004BA421 /* BodyEntry.swift */,
				831F2BF02C209FB1007A7A8A /* Completable.swift */,
				83D684F52C2E064500FA78C6 /* Profile.swift */,
				83D684F12C2E04E900FA78C6 /* Exercise.swift */,
				83D684F82C2EC74900FA78C6 /* Orderable.swift */,
				831F2C282C247B40007A7A8A /* Routine.swift */,
				831F2C092C2195D8007A7A8A /* Cycle+TemplateCycle.swift */,
				831F2C072C21938E007A7A8A /* TrainingWeek+TemplateWeek.swift */,
				831F2BF42C20A74C007A7A8A /* Session+TemplateSession.swift */,
				831F2BF22C20A0CA007A7A8A /* TrainingSet+TemplateSet.swift */,
				83D684FD2C327FBB00FA78C6 /* Threshold.swift */,
			);
			path = NSManagedObjectExtensions;
			sourceTree = "<group>";
		};
		830E26892C18665B00815936 /* ProgressX-2UITests */ = {
			isa = PBXGroup;
			children = (
				830E268A2C18665B00815936 /* ProgressX_2UITests.swift */,
				830E268C2C18665B00815936 /* ProgressX_2UITestsLaunchTests.swift */,
			);
			path = "ProgressX-2UITests";
			sourceTree = "<group>";
		};
		8310D9182C036806004A5A3D /* ChartElements */ = {
			isa = PBXGroup;
			children = (
				8310D9122C0001D5004A5A3D /* SingleChart.swift */,
				8310D9212C08D463004A5A3D /* DoubleChart.swift */,
			);
			path = ChartElements;
			sourceTree = "<group>";
		};
		8310D9192C036814004A5A3D /* InputFields */ = {
			isa = PBXGroup;
			children = (
				832214272BD65A0E00DF9C7A /* InputDecimalNumberField.swift */,
				83ACDB412BE57E8500BE9FE2 /* InputIntegerNumberField.swift */,
				832214232BD4300B00DF9C7A /* InputShortTextField.swift */,
				8386FC532BDD0CBE005E34F9 /* InputField.swift */,
			);
			path = InputFields;
			sourceTree = "<group>";
		};
		8310D91A2C036835004A5A3D /* TextElements */ = {
			isa = PBXGroup;
			children = (
				8310D90C2BFA3419004A5A3D /* LightSubHeadline.swift */,
				8310D90E2BFA3425004A5A3D /* BoldSubHeadline.swift */,
				8310D9102BFA3436004A5A3D /* BoldTitle.swift */,
			);
			path = TextElements;
			sourceTree = "<group>";
		};
		8310D9272C0CA13D004A5A3D /* ListItems */ = {
			isa = PBXGroup;
			children = (
				83D685092C33306400FA78C6 /* MagnifiedViews */,
				8310D92F2C0CAB1D004A5A3D /* ExerciseListItem.swift */,
				8310D9282C0CA170004A5A3D /* PrListItem.swift */,
				831F2C172C2305F9007A7A8A /* RoutineListItem.swift */,
				831F2C2A2C24A2F4007A7A8A /* TemplateWeekListItem.swift */,
				831F2C2D2C24E532007A7A8A /* TemplateSessionListItem.swift */,
				831F2C2F2C24E54B007A7A8A /* TemplateSetListItem.swift */,
				83D6850A2C33309800FA78C6 /* ThresholdListItem.swift */,
			);
			path = ListItems;
			sourceTree = "<group>";
		};
		831F2BEF2C209F5F007A7A8A /* RoutineLibraryViews */ = {
			isa = PBXGroup;
			children = (
				831F2C0F2C22F029007A7A8A /* RoutineLibraryView.swift */,
				831F2C192C230C07007A7A8A /* CreateNewRoutineView.swift */,
				831F2C372C288D66007A7A8A /* RoutineStatisticsView.swift */,
				831F2C1B2C23132F007A7A8A /* EditRoutineView.swift */,
				831F2C352C288D38007A7A8A /* EditWeekView.swift */,
				83D684FF2C32A24E00FA78C6 /* EditSessionView.swift */,
				83D685032C32AEA900FA78C6 /* CreateNewTemplateSetView.swift */,
			);
			path = RoutineLibraryViews;
			sourceTree = "<group>";
		};
		831F2C1D2C231D3B007A7A8A /* ListElements */ = {
			isa = PBXGroup;
			children = (
				8310D9142C000437004A5A3D /* PrList.swift */,
				831F2C242C242777007A7A8A /* SearchableList.swift */,
				831F2C262C243381007A7A8A /* BasicList.swift */,
				83D685052C32DDF700FA78C6 /* SetExerciseSelectionList.swift */,
			);
			path = ListElements;
			sourceTree = "<group>";
		};
		831F2C2C2C24A3EC007A7A8A /* PersistentStorageSetup */ = {
			isa = PBXGroup;
			children = (
				832213EC2BC92D9000DF9C7A /* Persistence.swift */,
				83FBF1E02C15BDAE004D0E2A /* InMemoryInit.swift */,
				8359F9702C1AE779004BA421 /* Persistence+Convenience-functions.swift */,
			);
			path = PersistentStorageSetup;
			sourceTree = "<group>";
		};
		832213D72BC92D8E00DF9C7A = {
			isa = PBXGroup;
			children = (
				832214142BC937F800DF9C7A /* README.md */,
				832213E22BC92D8E00DF9C7A /* ProgressX-2 */,
				832213F82BC92D9000DF9C7A /* ProgressX-2Tests */,
				830E26892C18665B00815936 /* ProgressX-2UITests */,
				832213E12BC92D8E00DF9C7A /* Products */,
			);
			sourceTree = "<group>";
		};
		832213E12BC92D8E00DF9C7A /* Products */ = {
			isa = PBXGroup;
			children = (
				832213E02BC92D8E00DF9C7A /* ProgressX-2.app */,
				832213F52BC92D9000DF9C7A /* ProgressX-2Tests.xctest */,
				830E26882C18665B00815936 /* ProgressX-2UITests.xctest */,
			);
			name = Products;
			sourceTree = "<group>";
		};
		832213E22BC92D8E00DF9C7A /* ProgressX-2 */ = {
			isa = PBXGroup;
			children = (
				8F8B9F0D2C21BE030072A39D /* HomeView */,
				8F8B9F082C21A0A10072A39D /* ProfileViews */,
				83AD4A902BF4133600A2E180 /* ExerciseLibraryViews */,
				831F2BEF2C209F5F007A7A8A /* RoutineLibraryViews */,
				832214182BC9398000DF9C7A /* CreateNewProfileViews */,
				832214222BD42FF800DF9C7A /* ViewComponents */,
				83AD4A8F2BF40E8800A2E180 /* DataModel */,
				832213E32BC92D8E00DF9C7A /* ProgressX_2App.swift */,
				8322142F2BD6D3DE00DF9C7A /* ViewRouter.swift */,
				83EE6EE32C1F351500FF17C1 /* MockLaunchScreen.swift */,
				83EE6EE42C1F351500FF17C1 /* Launch Screen.storyboard */,
				832213E72BC92D9000DF9C7A /* Assets.xcassets */,
				832213E92BC92D9000DF9C7A /* Preview Content */,
			);
			path = "ProgressX-2";
			sourceTree = "<group>";
		};
		832213E92BC92D9000DF9C7A /* Preview Content */ = {
			isa = PBXGroup;
			children = (
				832213EA2BC92D9000DF9C7A /* Preview Assets.xcassets */,
			);
			path = "Preview Content";
			sourceTree = "<group>";
		};
		832213F82BC92D9000DF9C7A /* ProgressX-2Tests */ = {
			isa = PBXGroup;
			children = (
				831F2BF82C20E38D007A7A8A /* DataModelTests.swift */,
				8310D91B2C051951004A5A3D /* JsonValidtionTests.swift */,
			);
			path = "ProgressX-2Tests";
			sourceTree = "<group>";
		};
		832214182BC9398000DF9C7A /* CreateNewProfileViews */ = {
			isa = PBXGroup;
			children = (
				832214162BC938C400DF9C7A /* CreateNewProfile1.swift */,
				8322142B2BD669C000DF9C7A /* CreateNewProfile2.swift */,
				8322142D2BD6BF7200DF9C7A /* CreateNewProfile3.swift */,
				83F110B82C1CC9600068953B /* CreateNewProfile4.swift */,
			);
			path = CreateNewProfileViews;
			sourceTree = "<group>";
		};
		832214222BD42FF800DF9C7A /* ViewComponents */ = {
			isa = PBXGroup;
			children = (
				831F2C1D2C231D3B007A7A8A /* ListElements */,
				8F8B9F042C2195E30072A39D /* SideBarComponents */,
				83F110BA2C1F25E50068953B /* SubmitAlerts */,
				8359F97B2C1B2489004BA421 /* InputValidation */,
				83FBF1932C14564E004D0E2A /* GeneralExerciseInfoBoxes */,
				8310D9272C0CA13D004A5A3D /* ListItems */,
				8310D91A2C036835004A5A3D /* TextElements */,
				8310D9192C036814004A5A3D /* InputFields */,
				8310D9182C036806004A5A3D /* ChartElements */,
				832214252BD64C2E00DF9C7A /* BasicSegPicker.swift */,
				831F2C1E2C231E40007A7A8A /* SearchBar.swift */,
			);
			path = ViewComponents;
			sourceTree = "<group>";
		};
		8359F97B2C1B2489004BA421 /* InputValidation */ = {
			isa = PBXGroup;
			children = (
				8359F9732C1AF9AC004BA421 /* InputFieldValidator.swift */,
				8359F9752C1B1D28004BA421 /* IntFieldValidator.swift */,
				8359F9772C1B1D3F004BA421 /* DoubleFieldValidator.swift */,
				8359F9792C1B1D4A004BA421 /* StringFieldValidator.swift */,
			);
			path = InputValidation;
			sourceTree = "<group>";
		};
		83AD4A8F2BF40E8800A2E180 /* DataModel */ = {
			isa = PBXGroup;
			children = (
				832213EE2BC92D9000DF9C7A /* ProgressX_2.xcdatamodeld */,
				831F2C132C22FB7A007A7A8A /* ValidationNSErrors.swift */,
				83D684EF2C2DFEDF00FA78C6 /* HasOrderable.swift */,
				831F2C312C24E8F1007A7A8A /* DataModelEnums.swift */,
				831F2C2C2C24A3EC007A7A8A /* PersistentStorageSetup */,
				830E26802C1753EF00815936 /* NSManagedObjectExtensions */,
			);
			path = DataModel;
			sourceTree = "<group>";
		};
		83AD4A902BF4133600A2E180 /* ExerciseLibraryViews */ = {
			isa = PBXGroup;
			children = (
				83AD4A922BF4136000A2E180 /* ExerciseLibraryView.swift */,
				831F2BDC2C204C98007A7A8A /* CreateNewPersonalRecordView.swift */,
				83AD4A962BF63A4000A2E180 /* CreateNewExerciseView.swift */,
				83AD4A982BF63BB300A2E180 /* EditExerciseView.swift */,
				8310D90A2BFA2139004A5A3D /* StatisticsView.swift */,
				8310D9312C0E0617004A5A3D /* EditPrView.swift */,
			);
			path = ExerciseLibraryViews;
			sourceTree = "<group>";
		};
		83D685092C33306400FA78C6 /* MagnifiedViews */ = {
			isa = PBXGroup;
			children = (
				83D685072C332DCF00FA78C6 /* MagnifiedTemplateSetView.swift */,
			);
			path = MagnifiedViews;
			sourceTree = "<group>";
		};
		83F110BA2C1F25E50068953B /* SubmitAlerts */ = {
			isa = PBXGroup;
			children = (
				83F110BB2C1F26040068953B /* SubmitAlert.swift */,
			);
			path = SubmitAlerts;
			sourceTree = "<group>";
		};
		83FBF1932C14564E004D0E2A /* GeneralExerciseInfoBoxes */ = {
			isa = PBXGroup;
			children = (
				83C188402C0F701300826E3A /* GeneralInfoRepsExercise.swift */,
				8310D91D2C076745004A5A3D /* GeneralInfoTimeExercise.swift */,
			);
			path = GeneralExerciseInfoBoxes;
			sourceTree = "<group>";
		};
		8F8B9F042C2195E30072A39D /* SideBarComponents */ = {
			isa = PBXGroup;
			children = (
				831F2C0B2C21D043007A7A8A /* SideBar.swift */,
				8F8B9F052C21975B0072A39D /* SideBarBuilder.swift */,
				8F8B9F0B2C21A44D0072A39D /* SideBarButton.swift */,
			);
			path = SideBarComponents;
			sourceTree = "<group>";
		};
		8F8B9F082C21A0A10072A39D /* ProfileViews */ = {
			isa = PBXGroup;
			children = (
				8F8B9F092C21A0C30072A39D /* ProfileView.swift */,
			);
			path = ProfileViews;
			sourceTree = "<group>";
		};
		8F8B9F0D2C21BE030072A39D /* HomeView */ = {
			isa = PBXGroup;
			children = (
				831F2C0D2C21D066007A7A8A /* HomeView.swift */,
			);
			path = HomeView;
			sourceTree = "<group>";
		};
/* End PBXGroup section */

/* Begin PBXNativeTarget section */
		830E26872C18665B00815936 /* ProgressX-2UITests */ = {
			isa = PBXNativeTarget;
			buildConfigurationList = 830E26902C18665B00815936 /* Build configuration list for PBXNativeTarget "ProgressX-2UITests" */;
			buildPhases = (
				830E26842C18665B00815936 /* Sources */,
				830E26852C18665B00815936 /* Frameworks */,
				830E26862C18665B00815936 /* Resources */,
			);
			buildRules = (
			);
			dependencies = (
				830E268F2C18665B00815936 /* PBXTargetDependency */,
			);
			name = "ProgressX-2UITests";
			productName = "ProgressX-2UITests";
			productReference = 830E26882C18665B00815936 /* ProgressX-2UITests.xctest */;
			productType = "com.apple.product-type.bundle.ui-testing";
		};
		832213DF2BC92D8E00DF9C7A /* ProgressX-2 */ = {
			isa = PBXNativeTarget;
			buildConfigurationList = 832214092BC92D9000DF9C7A /* Build configuration list for PBXNativeTarget "ProgressX-2" */;
			buildPhases = (
				832213DC2BC92D8E00DF9C7A /* Sources */,
				832213DD2BC92D8E00DF9C7A /* Frameworks */,
				832213DE2BC92D8E00DF9C7A /* Resources */,
			);
			buildRules = (
			);
			dependencies = (
			);
			name = "ProgressX-2";
			productName = "ProgressX-2";
			productReference = 832213E02BC92D8E00DF9C7A /* ProgressX-2.app */;
			productType = "com.apple.product-type.application";
		};
		832213F42BC92D9000DF9C7A /* ProgressX-2Tests */ = {
			isa = PBXNativeTarget;
			buildConfigurationList = 8322140C2BC92D9000DF9C7A /* Build configuration list for PBXNativeTarget "ProgressX-2Tests" */;
			buildPhases = (
				832213F12BC92D9000DF9C7A /* Sources */,
				832213F22BC92D9000DF9C7A /* Frameworks */,
				832213F32BC92D9000DF9C7A /* Resources */,
			);
			buildRules = (
			);
			dependencies = (
				832213F72BC92D9000DF9C7A /* PBXTargetDependency */,
			);
			name = "ProgressX-2Tests";
			productName = "ProgressX-2Tests";
			productReference = 832213F52BC92D9000DF9C7A /* ProgressX-2Tests.xctest */;
			productType = "com.apple.product-type.bundle.unit-test";
		};
/* End PBXNativeTarget section */

/* Begin PBXProject section */
		832213D82BC92D8E00DF9C7A /* Project object */ = {
			isa = PBXProject;
			attributes = {
				BuildIndependentTargetsInParallel = 1;
				LastSwiftUpdateCheck = 1520;
				LastUpgradeCheck = 1520;
				TargetAttributes = {
					830E26872C18665B00815936 = {
						CreatedOnToolsVersion = 15.2;
						TestTargetID = 832213DF2BC92D8E00DF9C7A;
					};
					832213DF2BC92D8E00DF9C7A = {
						CreatedOnToolsVersion = 15.2;
					};
					832213F42BC92D9000DF9C7A = {
						CreatedOnToolsVersion = 15.2;
						TestTargetID = 832213DF2BC92D8E00DF9C7A;
					};
				};
			};
			buildConfigurationList = 832213DB2BC92D8E00DF9C7A /* Build configuration list for PBXProject "ProgressX-2" */;
			compatibilityVersion = "Xcode 14.0";
			developmentRegion = en;
			hasScannedForEncodings = 0;
			knownRegions = (
				en,
				Base,
			);
			mainGroup = 832213D72BC92D8E00DF9C7A;
			productRefGroup = 832213E12BC92D8E00DF9C7A /* Products */;
			projectDirPath = "";
			projectRoot = "";
			targets = (
				832213DF2BC92D8E00DF9C7A /* ProgressX-2 */,
				832213F42BC92D9000DF9C7A /* ProgressX-2Tests */,
				830E26872C18665B00815936 /* ProgressX-2UITests */,
			);
		};
/* End PBXProject section */

/* Begin PBXResourcesBuildPhase section */
		830E26862C18665B00815936 /* Resources */ = {
			isa = PBXResourcesBuildPhase;
			buildActionMask = 2147483647;
			files = (
			);
			runOnlyForDeploymentPostprocessing = 0;
		};
		832213DE2BC92D8E00DF9C7A /* Resources */ = {
			isa = PBXResourcesBuildPhase;
			buildActionMask = 2147483647;
			files = (
				832214152BC937F800DF9C7A /* README.md in Resources */,
				832213EB2BC92D9000DF9C7A /* Preview Assets.xcassets in Resources */,
				83EE6EE62C1F351500FF17C1 /* Launch Screen.storyboard in Resources */,
				832213E82BC92D9000DF9C7A /* Assets.xcassets in Resources */,
			);
			runOnlyForDeploymentPostprocessing = 0;
		};
		832213F32BC92D9000DF9C7A /* Resources */ = {
			isa = PBXResourcesBuildPhase;
			buildActionMask = 2147483647;
			files = (
			);
			runOnlyForDeploymentPostprocessing = 0;
		};
/* End PBXResourcesBuildPhase section */

/* Begin PBXSourcesBuildPhase section */
		830E26842C18665B00815936 /* Sources */ = {
			isa = PBXSourcesBuildPhase;
			buildActionMask = 2147483647;
			files = (
				830E268B2C18665B00815936 /* ProgressX_2UITests.swift in Sources */,
				830E268D2C18665B00815936 /* ProgressX_2UITestsLaunchTests.swift in Sources */,
			);
			runOnlyForDeploymentPostprocessing = 0;
		};
		832213DC2BC92D8E00DF9C7A /* Sources */ = {
			isa = PBXSourcesBuildPhase;
			buildActionMask = 2147483647;
			files = (
				8359F9782C1B1D3F004BA421 /* DoubleFieldValidator.swift in Sources */,
				832213ED2BC92D9000DF9C7A /* Persistence.swift in Sources */,
				8359F9762C1B1D28004BA421 /* IntFieldValidator.swift in Sources */,
				83D685042C32AEA900FA78C6 /* CreateNewTemplateSetView.swift in Sources */,
				83AD4A972BF63A4000A2E180 /* CreateNewExerciseView.swift in Sources */,
				832214262BD64C2E00DF9C7A /* BasicSegPicker.swift in Sources */,
				831F2C102C22F029007A7A8A /* RoutineLibraryView.swift in Sources */,
				8310D9112BFA3436004A5A3D /* BoldTitle.swift in Sources */,
				83D685002C32A24E00FA78C6 /* EditSessionView.swift in Sources */,
				83F110BC2C1F26040068953B /* SubmitAlert.swift in Sources */,
				8310D9132C0001D5004A5A3D /* SingleChart.swift in Sources */,
				83ACDB422BE57E8500BE9FE2 /* InputIntegerNumberField.swift in Sources */,
				832214302BD6D3DE00DF9C7A /* ViewRouter.swift in Sources */,
				831F2C2B2C24A2F4007A7A8A /* TemplateWeekListItem.swift in Sources */,
				832214282BD65A0E00DF9C7A /* InputDecimalNumberField.swift in Sources */,
				8F8B9F062C21975B0072A39D /* SideBarBuilder.swift in Sources */,
				8359F97A2C1B1D4A004BA421 /* StringFieldValidator.swift in Sources */,
				832214242BD4300B00DF9C7A /* InputShortTextField.swift in Sources */,
				8310D9222C08D463004A5A3D /* DoubleChart.swift in Sources */,
				83C76F822C17020F0051D8FB /* PersonalRecord.swift in Sources */,
				831F2C182C2305F9007A7A8A /* RoutineListItem.swift in Sources */,
				8310D9292C0CA170004A5A3D /* PrListItem.swift in Sources */,
				831F2C082C21938E007A7A8A /* TrainingWeek+TemplateWeek.swift in Sources */,
				83AD4A8E2BF3BC3C00A2E180 /* NSManagedObject.swift in Sources */,
				831F2C382C288D66007A7A8A /* RoutineStatisticsView.swift in Sources */,
				83D684FE2C327FBB00FA78C6 /* Threshold.swift in Sources */,
				8386FC542BDD0CBE005E34F9 /* InputField.swift in Sources */,
				831F2C0C2C21D043007A7A8A /* SideBar.swift in Sources */,
				83D684F02C2DFEDF00FA78C6 /* HasOrderable.swift in Sources */,
				831F2C1A2C230C07007A7A8A /* CreateNewRoutineView.swift in Sources */,
				832214172BC938C400DF9C7A /* CreateNewProfile1.swift in Sources */,
				8359F97D2C1C63F5004BA421 /* BodyEntry.swift in Sources */,
				831F2BF32C20A0CA007A7A8A /* TrainingSet+TemplateSet.swift in Sources */,
				8310D90D2BFA3419004A5A3D /* LightSubHeadline.swift in Sources */,
				83D684F62C2E064500FA78C6 /* Profile.swift in Sources */,
				83C188412C0F701300826E3A /* GeneralInfoRepsExercise.swift in Sources */,
				8310D9322C0E0617004A5A3D /* EditPrView.swift in Sources */,
				8359F9712C1AE779004BA421 /* Persistence+Convenience-functions.swift in Sources */,
				831F2C302C24E54B007A7A8A /* TemplateSetListItem.swift in Sources */,
				8359F9742C1AF9AC004BA421 /* InputFieldValidator.swift in Sources */,
				831F2C322C24E8F1007A7A8A /* DataModelEnums.swift in Sources */,
				83F110B92C1CC9600068953B /* CreateNewProfile4.swift in Sources */,
				83D684F22C2E04E900FA78C6 /* Exercise.swift in Sources */,
				8322142C2BD669C000DF9C7A /* CreateNewProfile2.swift in Sources */,
				831F2C2E2C24E532007A7A8A /* TemplateSessionListItem.swift in Sources */,
				8310D91E2C076745004A5A3D /* GeneralInfoTimeExercise.swift in Sources */,
				831F2C0A2C2195D8007A7A8A /* Cycle+TemplateCycle.swift in Sources */,
				8310D9302C0CAB1D004A5A3D /* ExerciseListItem.swift in Sources */,
				831F2C362C288D38007A7A8A /* EditWeekView.swift in Sources */,
				8310D90F2BFA3425004A5A3D /* BoldSubHeadline.swift in Sources */,
				83FBF1E12C15BDAE004D0E2A /* InMemoryInit.swift in Sources */,
				832213F02BC92D9000DF9C7A /* ProgressX_2.xcdatamodeld in Sources */,
				83D685062C32DDF700FA78C6 /* SetExerciseSelectionList.swift in Sources */,
				831F2BF12C209FB1007A7A8A /* Completable.swift in Sources */,
				831F2BDD2C204C98007A7A8A /* CreateNewPersonalRecordView.swift in Sources */,
				831F2C0E2C21D066007A7A8A /* HomeView.swift in Sources */,
				831F2C142C22FB7A007A7A8A /* ValidationNSErrors.swift in Sources */,
				8310D90B2BFA2139004A5A3D /* StatisticsView.swift in Sources */,
				8F8B9F0A2C21A0C30072A39D /* ProfileView.swift in Sources */,
				832213E42BC92D8E00DF9C7A /* ProgressX_2App.swift in Sources */,
				831F2C1C2C23132F007A7A8A /* EditRoutineView.swift in Sources */,
				83AD4A932BF4136000A2E180 /* ExerciseLibraryView.swift in Sources */,
				83EE6EE52C1F351500FF17C1 /* MockLaunchScreen.swift in Sources */,
				83D685082C332DCF00FA78C6 /* MagnifiedTemplateSetView.swift in Sources */,
				831F2C292C247B40007A7A8A /* Routine.swift in Sources */,
				8322142E2BD6BF7200DF9C7A /* CreateNewProfile3.swift in Sources */,
				83D6850B2C33309800FA78C6 /* ThresholdListItem.swift in Sources */,
				831F2BF52C20A74C007A7A8A /* Session+TemplateSession.swift in Sources */,
				83D684F92C2EC74900FA78C6 /* Orderable.swift in Sources */,
				831F2C252C242777007A7A8A /* SearchableList.swift in Sources */,
				8310D9152C000437004A5A3D /* PrList.swift in Sources */,
				831F2C272C243381007A7A8A /* BasicList.swift in Sources */,
				831F2C1F2C231E40007A7A8A /* SearchBar.swift in Sources */,
				83AD4A992BF63BB300A2E180 /* EditExerciseView.swift in Sources */,
				8F8B9F0C2C21A44D0072A39D /* SideBarButton.swift in Sources */,
				8359F97F2C1C64BE004BA421 /* Achievement.swift in Sources */,
			);
			runOnlyForDeploymentPostprocessing = 0;
		};
		832213F12BC92D9000DF9C7A /* Sources */ = {
			isa = PBXSourcesBuildPhase;
			buildActionMask = 2147483647;
			files = (
				831F2BFA2C20E38D007A7A8A /* DataModelTests.swift in Sources */,
				8310D91C2C051951004A5A3D /* JsonValidtionTests.swift in Sources */,
			);
			runOnlyForDeploymentPostprocessing = 0;
		};
/* End PBXSourcesBuildPhase section */

/* Begin PBXTargetDependency section */
		830E268F2C18665B00815936 /* PBXTargetDependency */ = {
			isa = PBXTargetDependency;
			target = 832213DF2BC92D8E00DF9C7A /* ProgressX-2 */;
			targetProxy = 830E268E2C18665B00815936 /* PBXContainerItemProxy */;
		};
		832213F72BC92D9000DF9C7A /* PBXTargetDependency */ = {
			isa = PBXTargetDependency;
			target = 832213DF2BC92D8E00DF9C7A /* ProgressX-2 */;
			targetProxy = 832213F62BC92D9000DF9C7A /* PBXContainerItemProxy */;
		};
/* End PBXTargetDependency section */

/* Begin XCBuildConfiguration section */
		830E26912C18665B00815936 /* Debug */ = {
			isa = XCBuildConfiguration;
			buildSettings = {
				CODE_SIGN_STYLE = Automatic;
				CURRENT_PROJECT_VERSION = 1;
				GENERATE_INFOPLIST_FILE = YES;
				MARKETING_VERSION = 1.0;
				PRODUCT_BUNDLE_IDENTIFIER = "WilliamLucas.ProgressX-2UITests";
				PRODUCT_NAME = "$(TARGET_NAME)";
				SWIFT_EMIT_LOC_STRINGS = NO;
				SWIFT_VERSION = 5.0;
				TARGETED_DEVICE_FAMILY = "1,2";
				TEST_TARGET_NAME = "ProgressX-2";
			};
			name = Debug;
		};
		830E26922C18665B00815936 /* Release */ = {
			isa = XCBuildConfiguration;
			buildSettings = {
				CODE_SIGN_STYLE = Automatic;
				CURRENT_PROJECT_VERSION = 1;
				GENERATE_INFOPLIST_FILE = YES;
				MARKETING_VERSION = 1.0;
				PRODUCT_BUNDLE_IDENTIFIER = "WilliamLucas.ProgressX-2UITests";
				PRODUCT_NAME = "$(TARGET_NAME)";
				SWIFT_EMIT_LOC_STRINGS = NO;
				SWIFT_VERSION = 5.0;
				TARGETED_DEVICE_FAMILY = "1,2";
				TEST_TARGET_NAME = "ProgressX-2";
			};
			name = Release;
		};
		832214072BC92D9000DF9C7A /* Debug */ = {
			isa = XCBuildConfiguration;
			buildSettings = {
				ALWAYS_SEARCH_USER_PATHS = NO;
				ASSETCATALOG_COMPILER_GENERATE_SWIFT_ASSET_SYMBOL_EXTENSIONS = YES;
				CLANG_ANALYZER_NONNULL = YES;
				CLANG_ANALYZER_NUMBER_OBJECT_CONVERSION = YES_AGGRESSIVE;
				CLANG_CXX_LANGUAGE_STANDARD = "gnu++20";
				CLANG_ENABLE_MODULES = YES;
				CLANG_ENABLE_OBJC_ARC = YES;
				CLANG_ENABLE_OBJC_WEAK = YES;
				CLANG_WARN_BLOCK_CAPTURE_AUTORELEASING = YES;
				CLANG_WARN_BOOL_CONVERSION = YES;
				CLANG_WARN_COMMA = YES;
				CLANG_WARN_CONSTANT_CONVERSION = YES;
				CLANG_WARN_DEPRECATED_OBJC_IMPLEMENTATIONS = YES;
				CLANG_WARN_DIRECT_OBJC_ISA_USAGE = YES_ERROR;
				CLANG_WARN_DOCUMENTATION_COMMENTS = YES;
				CLANG_WARN_EMPTY_BODY = YES;
				CLANG_WARN_ENUM_CONVERSION = YES;
				CLANG_WARN_INFINITE_RECURSION = YES;
				CLANG_WARN_INT_CONVERSION = YES;
				CLANG_WARN_NON_LITERAL_NULL_CONVERSION = YES;
				CLANG_WARN_OBJC_IMPLICIT_RETAIN_SELF = YES;
				CLANG_WARN_OBJC_LITERAL_CONVERSION = YES;
				CLANG_WARN_OBJC_ROOT_CLASS = YES_ERROR;
				CLANG_WARN_QUOTED_INCLUDE_IN_FRAMEWORK_HEADER = YES;
				CLANG_WARN_RANGE_LOOP_ANALYSIS = YES;
				CLANG_WARN_STRICT_PROTOTYPES = YES;
				CLANG_WARN_SUSPICIOUS_MOVE = YES;
				CLANG_WARN_UNGUARDED_AVAILABILITY = YES_AGGRESSIVE;
				CLANG_WARN_UNREACHABLE_CODE = YES;
				CLANG_WARN__DUPLICATE_METHOD_MATCH = YES;
				COPY_PHASE_STRIP = NO;
				DEBUG_INFORMATION_FORMAT = dwarf;
				ENABLE_STRICT_OBJC_MSGSEND = YES;
				ENABLE_TESTABILITY = YES;
				ENABLE_USER_SCRIPT_SANDBOXING = YES;
				GCC_C_LANGUAGE_STANDARD = gnu17;
				GCC_DYNAMIC_NO_PIC = NO;
				GCC_NO_COMMON_BLOCKS = YES;
				GCC_OPTIMIZATION_LEVEL = 0;
				GCC_PREPROCESSOR_DEFINITIONS = (
					"DEBUG=1",
					"$(inherited)",
				);
				GCC_WARN_64_TO_32_BIT_CONVERSION = YES;
				GCC_WARN_ABOUT_RETURN_TYPE = YES_ERROR;
				GCC_WARN_UNDECLARED_SELECTOR = YES;
				GCC_WARN_UNINITIALIZED_AUTOS = YES_AGGRESSIVE;
				GCC_WARN_UNUSED_FUNCTION = YES;
				GCC_WARN_UNUSED_VARIABLE = YES;
				IPHONEOS_DEPLOYMENT_TARGET = 17.2;
				LOCALIZATION_PREFERS_STRING_CATALOGS = YES;
				MTL_ENABLE_DEBUG_INFO = INCLUDE_SOURCE;
				MTL_FAST_MATH = YES;
				ONLY_ACTIVE_ARCH = YES;
				SDKROOT = iphoneos;
				SWIFT_ACTIVE_COMPILATION_CONDITIONS = "DEBUG $(inherited)";
				SWIFT_OPTIMIZATION_LEVEL = "-Onone";
			};
			name = Debug;
		};
		832214082BC92D9000DF9C7A /* Release */ = {
			isa = XCBuildConfiguration;
			buildSettings = {
				ALWAYS_SEARCH_USER_PATHS = NO;
				ASSETCATALOG_COMPILER_GENERATE_SWIFT_ASSET_SYMBOL_EXTENSIONS = YES;
				CLANG_ANALYZER_NONNULL = YES;
				CLANG_ANALYZER_NUMBER_OBJECT_CONVERSION = YES_AGGRESSIVE;
				CLANG_CXX_LANGUAGE_STANDARD = "gnu++20";
				CLANG_ENABLE_MODULES = YES;
				CLANG_ENABLE_OBJC_ARC = YES;
				CLANG_ENABLE_OBJC_WEAK = YES;
				CLANG_WARN_BLOCK_CAPTURE_AUTORELEASING = YES;
				CLANG_WARN_BOOL_CONVERSION = YES;
				CLANG_WARN_COMMA = YES;
				CLANG_WARN_CONSTANT_CONVERSION = YES;
				CLANG_WARN_DEPRECATED_OBJC_IMPLEMENTATIONS = YES;
				CLANG_WARN_DIRECT_OBJC_ISA_USAGE = YES_ERROR;
				CLANG_WARN_DOCUMENTATION_COMMENTS = YES;
				CLANG_WARN_EMPTY_BODY = YES;
				CLANG_WARN_ENUM_CONVERSION = YES;
				CLANG_WARN_INFINITE_RECURSION = YES;
				CLANG_WARN_INT_CONVERSION = YES;
				CLANG_WARN_NON_LITERAL_NULL_CONVERSION = YES;
				CLANG_WARN_OBJC_IMPLICIT_RETAIN_SELF = YES;
				CLANG_WARN_OBJC_LITERAL_CONVERSION = YES;
				CLANG_WARN_OBJC_ROOT_CLASS = YES_ERROR;
				CLANG_WARN_QUOTED_INCLUDE_IN_FRAMEWORK_HEADER = YES;
				CLANG_WARN_RANGE_LOOP_ANALYSIS = YES;
				CLANG_WARN_STRICT_PROTOTYPES = YES;
				CLANG_WARN_SUSPICIOUS_MOVE = YES;
				CLANG_WARN_UNGUARDED_AVAILABILITY = YES_AGGRESSIVE;
				CLANG_WARN_UNREACHABLE_CODE = YES;
				CLANG_WARN__DUPLICATE_METHOD_MATCH = YES;
				COPY_PHASE_STRIP = NO;
				DEBUG_INFORMATION_FORMAT = "dwarf-with-dsym";
				ENABLE_NS_ASSERTIONS = NO;
				ENABLE_STRICT_OBJC_MSGSEND = YES;
				ENABLE_USER_SCRIPT_SANDBOXING = YES;
				GCC_C_LANGUAGE_STANDARD = gnu17;
				GCC_NO_COMMON_BLOCKS = YES;
				GCC_WARN_64_TO_32_BIT_CONVERSION = YES;
				GCC_WARN_ABOUT_RETURN_TYPE = YES_ERROR;
				GCC_WARN_UNDECLARED_SELECTOR = YES;
				GCC_WARN_UNINITIALIZED_AUTOS = YES_AGGRESSIVE;
				GCC_WARN_UNUSED_FUNCTION = YES;
				GCC_WARN_UNUSED_VARIABLE = YES;
				IPHONEOS_DEPLOYMENT_TARGET = 17.2;
				LOCALIZATION_PREFERS_STRING_CATALOGS = YES;
				MTL_ENABLE_DEBUG_INFO = NO;
				MTL_FAST_MATH = YES;
				SDKROOT = iphoneos;
				SWIFT_COMPILATION_MODE = wholemodule;
				VALIDATE_PRODUCT = YES;
			};
			name = Release;
		};
		8322140A2BC92D9000DF9C7A /* Debug */ = {
			isa = XCBuildConfiguration;
			buildSettings = {
				ASSETCATALOG_COMPILER_APPICON_NAME = AppIcon;
				ASSETCATALOG_COMPILER_GLOBAL_ACCENT_COLOR_NAME = AccentColor;
				CODE_SIGN_STYLE = Automatic;
				CURRENT_PROJECT_VERSION = 1;
				DEVELOPMENT_ASSET_PATHS = "\"ProgressX-2/Preview Content\"";
				ENABLE_PREVIEWS = YES;
				GENERATE_INFOPLIST_FILE = YES;
				INFOPLIST_KEY_UIApplicationSceneManifest_Generation = YES;
				INFOPLIST_KEY_UIApplicationSupportsIndirectInputEvents = YES;
				INFOPLIST_KEY_UILaunchScreen_Generation = YES;
				INFOPLIST_KEY_UILaunchStoryboardName = "Launch Screen.storyboard";
				INFOPLIST_KEY_UISupportedInterfaceOrientations_iPad = "UIInterfaceOrientationPortrait UIInterfaceOrientationPortraitUpsideDown UIInterfaceOrientationLandscapeLeft UIInterfaceOrientationLandscapeRight";
				INFOPLIST_KEY_UISupportedInterfaceOrientations_iPhone = "UIInterfaceOrientationPortrait UIInterfaceOrientationLandscapeLeft UIInterfaceOrientationLandscapeRight";
				LD_RUNPATH_SEARCH_PATHS = (
					"$(inherited)",
					"@executable_path/Frameworks",
				);
				MARKETING_VERSION = 1.0;
				PRODUCT_BUNDLE_IDENTIFIER = "WilliamLucas.ProgressX-2";
				PRODUCT_NAME = "$(TARGET_NAME)";
				SWIFT_EMIT_LOC_STRINGS = YES;
				SWIFT_VERSION = 5.0;
				TARGETED_DEVICE_FAMILY = "1,2";
			};
			name = Debug;
		};
		8322140B2BC92D9000DF9C7A /* Release */ = {
			isa = XCBuildConfiguration;
			buildSettings = {
				ASSETCATALOG_COMPILER_APPICON_NAME = AppIcon;
				ASSETCATALOG_COMPILER_GLOBAL_ACCENT_COLOR_NAME = AccentColor;
				CODE_SIGN_STYLE = Automatic;
				CURRENT_PROJECT_VERSION = 1;
				DEVELOPMENT_ASSET_PATHS = "\"ProgressX-2/Preview Content\"";
				ENABLE_PREVIEWS = YES;
				GENERATE_INFOPLIST_FILE = YES;
				INFOPLIST_KEY_UIApplicationSceneManifest_Generation = YES;
				INFOPLIST_KEY_UIApplicationSupportsIndirectInputEvents = YES;
				INFOPLIST_KEY_UILaunchScreen_Generation = YES;
				INFOPLIST_KEY_UILaunchStoryboardName = "Launch Screen.storyboard";
				INFOPLIST_KEY_UISupportedInterfaceOrientations_iPad = "UIInterfaceOrientationPortrait UIInterfaceOrientationPortraitUpsideDown UIInterfaceOrientationLandscapeLeft UIInterfaceOrientationLandscapeRight";
				INFOPLIST_KEY_UISupportedInterfaceOrientations_iPhone = "UIInterfaceOrientationPortrait UIInterfaceOrientationLandscapeLeft UIInterfaceOrientationLandscapeRight";
				LD_RUNPATH_SEARCH_PATHS = (
					"$(inherited)",
					"@executable_path/Frameworks",
				);
				MARKETING_VERSION = 1.0;
				PRODUCT_BUNDLE_IDENTIFIER = "WilliamLucas.ProgressX-2";
				PRODUCT_NAME = "$(TARGET_NAME)";
				SWIFT_EMIT_LOC_STRINGS = YES;
				SWIFT_VERSION = 5.0;
				TARGETED_DEVICE_FAMILY = "1,2";
			};
			name = Release;
		};
		8322140D2BC92D9000DF9C7A /* Debug */ = {
			isa = XCBuildConfiguration;
			buildSettings = {
				ALWAYS_EMBED_SWIFT_STANDARD_LIBRARIES = YES;
				BUNDLE_LOADER = "$(TEST_HOST)";
				CODE_SIGN_STYLE = Automatic;
				CURRENT_PROJECT_VERSION = 1;
				GENERATE_INFOPLIST_FILE = YES;
				IPHONEOS_DEPLOYMENT_TARGET = 17.2;
				MARKETING_VERSION = 1.0;
				PRODUCT_BUNDLE_IDENTIFIER = "WilliamLucas.ProgressX-2Tests";
				PRODUCT_NAME = "$(TARGET_NAME)";
				SWIFT_EMIT_LOC_STRINGS = NO;
				SWIFT_VERSION = 5.0;
				TARGETED_DEVICE_FAMILY = "1,2";
				TEST_HOST = "$(BUILT_PRODUCTS_DIR)/ProgressX-2.app/$(BUNDLE_EXECUTABLE_FOLDER_PATH)/ProgressX-2";
			};
			name = Debug;
		};
		8322140E2BC92D9000DF9C7A /* Release */ = {
			isa = XCBuildConfiguration;
			buildSettings = {
				ALWAYS_EMBED_SWIFT_STANDARD_LIBRARIES = YES;
				BUNDLE_LOADER = "$(TEST_HOST)";
				CODE_SIGN_STYLE = Automatic;
				CURRENT_PROJECT_VERSION = 1;
				GENERATE_INFOPLIST_FILE = YES;
				IPHONEOS_DEPLOYMENT_TARGET = 17.2;
				MARKETING_VERSION = 1.0;
				PRODUCT_BUNDLE_IDENTIFIER = "WilliamLucas.ProgressX-2Tests";
				PRODUCT_NAME = "$(TARGET_NAME)";
				SWIFT_EMIT_LOC_STRINGS = NO;
				SWIFT_VERSION = 5.0;
				TARGETED_DEVICE_FAMILY = "1,2";
				TEST_HOST = "$(BUILT_PRODUCTS_DIR)/ProgressX-2.app/$(BUNDLE_EXECUTABLE_FOLDER_PATH)/ProgressX-2";
			};
			name = Release;
		};
/* End XCBuildConfiguration section */

/* Begin XCConfigurationList section */
		830E26902C18665B00815936 /* Build configuration list for PBXNativeTarget "ProgressX-2UITests" */ = {
			isa = XCConfigurationList;
			buildConfigurations = (
				830E26912C18665B00815936 /* Debug */,
				830E26922C18665B00815936 /* Release */,
			);
			defaultConfigurationIsVisible = 0;
			defaultConfigurationName = Release;
		};
		832213DB2BC92D8E00DF9C7A /* Build configuration list for PBXProject "ProgressX-2" */ = {
			isa = XCConfigurationList;
			buildConfigurations = (
				832214072BC92D9000DF9C7A /* Debug */,
				832214082BC92D9000DF9C7A /* Release */,
			);
			defaultConfigurationIsVisible = 0;
			defaultConfigurationName = Release;
		};
		832214092BC92D9000DF9C7A /* Build configuration list for PBXNativeTarget "ProgressX-2" */ = {
			isa = XCConfigurationList;
			buildConfigurations = (
				8322140A2BC92D9000DF9C7A /* Debug */,
				8322140B2BC92D9000DF9C7A /* Release */,
			);
			defaultConfigurationIsVisible = 0;
			defaultConfigurationName = Release;
		};
		8322140C2BC92D9000DF9C7A /* Build configuration list for PBXNativeTarget "ProgressX-2Tests" */ = {
			isa = XCConfigurationList;
			buildConfigurations = (
				8322140D2BC92D9000DF9C7A /* Debug */,
				8322140E2BC92D9000DF9C7A /* Release */,
			);
			defaultConfigurationIsVisible = 0;
			defaultConfigurationName = Release;
		};
/* End XCConfigurationList section */

/* Begin XCVersionGroup section */
		832213EE2BC92D9000DF9C7A /* ProgressX_2.xcdatamodeld */ = {
			isa = XCVersionGroup;
			children = (
				832213EF2BC92D9000DF9C7A /* ProgressX_2.xcdatamodel */,
			);
			currentVersion = 832213EF2BC92D9000DF9C7A /* ProgressX_2.xcdatamodel */;
			path = ProgressX_2.xcdatamodeld;
			sourceTree = "<group>";
			versionGroupType = wrapper.xcdatamodel;
		};
/* End XCVersionGroup section */
	};
	rootObject = 832213D82BC92D8E00DF9C7A /* Project object */;
}
