// !$*UTF8*$!
{
	archiveVersion = 1;
	classes = {
	};
	objectVersion = 56;
	objects = {

/* Begin PBXBuildFile section */
		832213E42BC92D8E00DF9C7A /* ProgressX_2App.swift in Sources */ = {isa = PBXBuildFile; fileRef = 832213E32BC92D8E00DF9C7A /* ProgressX_2App.swift */; };
		832213E62BC92D8E00DF9C7A /* HomeView.swift in Sources */ = {isa = PBXBuildFile; fileRef = 832213E52BC92D8E00DF9C7A /* HomeView.swift */; };
		832213E82BC92D9000DF9C7A /* Assets.xcassets in Resources */ = {isa = PBXBuildFile; fileRef = 832213E72BC92D9000DF9C7A /* Assets.xcassets */; };
		832213EB2BC92D9000DF9C7A /* Preview Assets.xcassets in Resources */ = {isa = PBXBuildFile; fileRef = 832213EA2BC92D9000DF9C7A /* Preview Assets.xcassets */; };
		832213ED2BC92D9000DF9C7A /* Persistence.swift in Sources */ = {isa = PBXBuildFile; fileRef = 832213EC2BC92D9000DF9C7A /* Persistence.swift */; };
		832213F02BC92D9000DF9C7A /* ProgressX_2.xcdatamodeld in Sources */ = {isa = PBXBuildFile; fileRef = 832213EE2BC92D9000DF9C7A /* ProgressX_2.xcdatamodeld */; };
		832213FA2BC92D9000DF9C7A /* PersistanceTests.swift in Sources */ = {isa = PBXBuildFile; fileRef = 832213F92BC92D9000DF9C7A /* PersistanceTests.swift */; };
		832214152BC937F800DF9C7A /* README.md in Resources */ = {isa = PBXBuildFile; fileRef = 832214142BC937F800DF9C7A /* README.md */; };
		832214172BC938C400DF9C7A /* CreateNewProfile1.swift in Sources */ = {isa = PBXBuildFile; fileRef = 832214162BC938C400DF9C7A /* CreateNewProfile1.swift */; };
		832214242BD4300B00DF9C7A /* InputShortTextField.swift in Sources */ = {isa = PBXBuildFile; fileRef = 832214232BD4300B00DF9C7A /* InputShortTextField.swift */; };
		832214262BD64C2E00DF9C7A /* BasicSegPicker.swift in Sources */ = {isa = PBXBuildFile; fileRef = 832214252BD64C2E00DF9C7A /* BasicSegPicker.swift */; };
		832214282BD65A0E00DF9C7A /* InputDecimalNumberField.swift in Sources */ = {isa = PBXBuildFile; fileRef = 832214272BD65A0E00DF9C7A /* InputDecimalNumberField.swift */; };
		8322142C2BD669C000DF9C7A /* CreateNewProfile2.swift in Sources */ = {isa = PBXBuildFile; fileRef = 8322142B2BD669C000DF9C7A /* CreateNewProfile2.swift */; };
		8322142E2BD6BF7200DF9C7A /* CreateNewProfile3.swift in Sources */ = {isa = PBXBuildFile; fileRef = 8322142D2BD6BF7200DF9C7A /* CreateNewProfile3.swift */; };
		832214302BD6D3DE00DF9C7A /* ViewRouter.swift in Sources */ = {isa = PBXBuildFile; fileRef = 8322142F2BD6D3DE00DF9C7A /* ViewRouter.swift */; };
		8386FC542BDD0CBE005E34F9 /* InputField.swift in Sources */ = {isa = PBXBuildFile; fileRef = 8386FC532BDD0CBE005E34F9 /* InputField.swift */; };
		83ACDB422BE57E8500BE9FE2 /* InputIntegerNumberField.swift in Sources */ = {isa = PBXBuildFile; fileRef = 83ACDB412BE57E8500BE9FE2 /* InputIntegerNumberField.swift */; };
		8F4CCD452C1B110900F21301 /* Statistics.swift in Sources */ = {isa = PBXBuildFile; fileRef = 8F4CCD442C1B110900F21301 /* Statistics.swift */; };
		8FC6CA972C170F5B00432594 /* SideBar.swift in Sources */ = {isa = PBXBuildFile; fileRef = 8FC6CA962C170F5B00432594 /* SideBar.swift */; };
/* End PBXBuildFile section */

/* Begin PBXContainerItemProxy section */
		832213F62BC92D9000DF9C7A /* PBXContainerItemProxy */ = {
			isa = PBXContainerItemProxy;
			containerPortal = 832213D82BC92D8E00DF9C7A /* Project object */;
			proxyType = 1;
			remoteGlobalIDString = 832213DF2BC92D8E00DF9C7A;
			remoteInfo = "ProgressX-2";
		};
/* End PBXContainerItemProxy section */

/* Begin PBXFileReference section */
		832213E02BC92D8E00DF9C7A /* ProgressX-2.app */ = {isa = PBXFileReference; explicitFileType = wrapper.application; includeInIndex = 0; path = "ProgressX-2.app"; sourceTree = BUILT_PRODUCTS_DIR; };
		832213E32BC92D8E00DF9C7A /* ProgressX_2App.swift */ = {isa = PBXFileReference; lastKnownFileType = sourcecode.swift; path = ProgressX_2App.swift; sourceTree = "<group>"; };
		832213E52BC92D8E00DF9C7A /* HomeView.swift */ = {isa = PBXFileReference; lastKnownFileType = sourcecode.swift; path = HomeView.swift; sourceTree = "<group>"; };
		832213E72BC92D9000DF9C7A /* Assets.xcassets */ = {isa = PBXFileReference; lastKnownFileType = folder.assetcatalog; path = Assets.xcassets; sourceTree = "<group>"; };
		832213EA2BC92D9000DF9C7A /* Preview Assets.xcassets */ = {isa = PBXFileReference; lastKnownFileType = folder.assetcatalog; path = "Preview Assets.xcassets"; sourceTree = "<group>"; };
		832213EC2BC92D9000DF9C7A /* Persistence.swift */ = {isa = PBXFileReference; lastKnownFileType = sourcecode.swift; path = Persistence.swift; sourceTree = "<group>"; };
		832213EF2BC92D9000DF9C7A /* ProgressX_2.xcdatamodel */ = {isa = PBXFileReference; lastKnownFileType = wrapper.xcdatamodel; path = ProgressX_2.xcdatamodel; sourceTree = "<group>"; };
		832213F52BC92D9000DF9C7A /* ProgressX-2Tests.xctest */ = {isa = PBXFileReference; explicitFileType = wrapper.cfbundle; includeInIndex = 0; path = "ProgressX-2Tests.xctest"; sourceTree = BUILT_PRODUCTS_DIR; };
		832213F92BC92D9000DF9C7A /* PersistanceTests.swift */ = {isa = PBXFileReference; lastKnownFileType = sourcecode.swift; path = PersistanceTests.swift; sourceTree = "<group>"; };
		832214142BC937F800DF9C7A /* README.md */ = {isa = PBXFileReference; fileEncoding = 4; lastKnownFileType = net.daringfireball.markdown; path = README.md; sourceTree = SOURCE_ROOT; };
		832214162BC938C400DF9C7A /* CreateNewProfile1.swift */ = {isa = PBXFileReference; lastKnownFileType = sourcecode.swift; path = CreateNewProfile1.swift; sourceTree = "<group>"; };
		832214232BD4300B00DF9C7A /* InputShortTextField.swift */ = {isa = PBXFileReference; lastKnownFileType = sourcecode.swift; path = InputShortTextField.swift; sourceTree = "<group>"; };
		832214252BD64C2E00DF9C7A /* BasicSegPicker.swift */ = {isa = PBXFileReference; lastKnownFileType = sourcecode.swift; path = BasicSegPicker.swift; sourceTree = "<group>"; };
		832214272BD65A0E00DF9C7A /* InputDecimalNumberField.swift */ = {isa = PBXFileReference; lastKnownFileType = sourcecode.swift; path = InputDecimalNumberField.swift; sourceTree = "<group>"; };
		8322142B2BD669C000DF9C7A /* CreateNewProfile2.swift */ = {isa = PBXFileReference; lastKnownFileType = sourcecode.swift; path = CreateNewProfile2.swift; sourceTree = "<group>"; };
		8322142D2BD6BF7200DF9C7A /* CreateNewProfile3.swift */ = {isa = PBXFileReference; lastKnownFileType = sourcecode.swift; path = CreateNewProfile3.swift; sourceTree = "<group>"; };
		8322142F2BD6D3DE00DF9C7A /* ViewRouter.swift */ = {isa = PBXFileReference; lastKnownFileType = sourcecode.swift; path = ViewRouter.swift; sourceTree = "<group>"; };
		8386FC532BDD0CBE005E34F9 /* InputField.swift */ = {isa = PBXFileReference; lastKnownFileType = sourcecode.swift; path = InputField.swift; sourceTree = "<group>"; };
		83ACDB412BE57E8500BE9FE2 /* InputIntegerNumberField.swift */ = {isa = PBXFileReference; lastKnownFileType = sourcecode.swift; path = InputIntegerNumberField.swift; sourceTree = "<group>"; };
		8F4CCD442C1B110900F21301 /* Statistics.swift */ = {isa = PBXFileReference; lastKnownFileType = sourcecode.swift; path = Statistics.swift; sourceTree = "<group>"; };
		8FC6CA962C170F5B00432594 /* SideBar.swift */ = {isa = PBXFileReference; lastKnownFileType = sourcecode.swift; path = SideBar.swift; sourceTree = "<group>"; };
/* End PBXFileReference section */

/* Begin PBXFrameworksBuildPhase section */
		832213DD2BC92D8E00DF9C7A /* Frameworks */ = {
			isa = PBXFrameworksBuildPhase;
			buildActionMask = 2147483647;
			files = (
			);
			runOnlyForDeploymentPostprocessing = 0;
		};
		832213F22BC92D9000DF9C7A /* Frameworks */ = {
			isa = PBXFrameworksBuildPhase;
			buildActionMask = 2147483647;
			files = (
			);
			runOnlyForDeploymentPostprocessing = 0;
		};
/* End PBXFrameworksBuildPhase section */

/* Begin PBXGroup section */
		832213D72BC92D8E00DF9C7A = {
			isa = PBXGroup;
			children = (
				832214142BC937F800DF9C7A /* README.md */,
				832213E22BC92D8E00DF9C7A /* ProgressX-2 */,
				832213F82BC92D9000DF9C7A /* ProgressX-2Tests */,
				832213E12BC92D8E00DF9C7A /* Products */,
			);
			sourceTree = "<group>";
		};
		832213E12BC92D8E00DF9C7A /* Products */ = {
			isa = PBXGroup;
			children = (
				832213E02BC92D8E00DF9C7A /* ProgressX-2.app */,
				832213F52BC92D9000DF9C7A /* ProgressX-2Tests.xctest */,
			);
			name = Products;
			sourceTree = "<group>";
		};
		832213E22BC92D8E00DF9C7A /* ProgressX-2 */ = {
			isa = PBXGroup;
			children = (
				832214222BD42FF800DF9C7A /* Components */,
				832214182BC9398000DF9C7A /* CreateNewProfile */,
				832213E32BC92D8E00DF9C7A /* ProgressX_2App.swift */,
				8F54931F2C1AF3300049AE7F /* SideMenuComponents */,
				832213E72BC92D9000DF9C7A /* Assets.xcassets */,
				832213EC2BC92D9000DF9C7A /* Persistence.swift */,
				832213EE2BC92D9000DF9C7A /* ProgressX_2.xcdatamodeld */,
				832213E92BC92D9000DF9C7A /* Preview Content */,
				8322142F2BD6D3DE00DF9C7A /* ViewRouter.swift */,
			);
			path = "ProgressX-2";
			sourceTree = "<group>";
		};
		832213E92BC92D9000DF9C7A /* Preview Content */ = {
			isa = PBXGroup;
			children = (
				832213EA2BC92D9000DF9C7A /* Preview Assets.xcassets */,
			);
			path = "Preview Content";
			sourceTree = "<group>";
		};
		832213F82BC92D9000DF9C7A /* ProgressX-2Tests */ = {
			isa = PBXGroup;
			children = (
				832213F92BC92D9000DF9C7A /* PersistanceTests.swift */,
			);
			path = "ProgressX-2Tests";
			sourceTree = "<group>";
		};
		832214182BC9398000DF9C7A /* CreateNewProfile */ = {
			isa = PBXGroup;
			children = (
				832214162BC938C400DF9C7A /* CreateNewProfile1.swift */,
				8322142B2BD669C000DF9C7A /* CreateNewProfile2.swift */,
				8322142D2BD6BF7200DF9C7A /* CreateNewProfile3.swift */,
			);
			path = CreateNewProfile;
			sourceTree = "<group>";
		};
		832214222BD42FF800DF9C7A /* Components */ = {
			isa = PBXGroup;
			children = (
				832214232BD4300B00DF9C7A /* InputShortTextField.swift */,
				832214252BD64C2E00DF9C7A /* BasicSegPicker.swift */,
				832214272BD65A0E00DF9C7A /* InputDecimalNumberField.swift */,
				8386FC532BDD0CBE005E34F9 /* InputField.swift */,
				83ACDB412BE57E8500BE9FE2 /* InputIntegerNumberField.swift */,
			);
			path = Components;
			sourceTree = "<group>";
		};
		8F54931F2C1AF3300049AE7F /* SideMenuComponents */ = {
			isa = PBXGroup;
			children = (
				8FC6CA962C170F5B00432594 /* SideBar.swift */,
				832213E52BC92D8E00DF9C7A /* HomeView.swift */,
				8F4CCD442C1B110900F21301 /* Statistics.swift */,
			);
			path = SideMenuComponents;
			sourceTree = "<group>";
		};
/* End PBXGroup section */

/* Begin PBXNativeTarget section */
		832213DF2BC92D8E00DF9C7A /* ProgressX-2 */ = {
			isa = PBXNativeTarget;
			buildConfigurationList = 832214092BC92D9000DF9C7A /* Build configuration list for PBXNativeTarget "ProgressX-2" */;
			buildPhases = (
				832213DC2BC92D8E00DF9C7A /* Sources */,
				832213DD2BC92D8E00DF9C7A /* Frameworks */,
				832213DE2BC92D8E00DF9C7A /* Resources */,
			);
			buildRules = (
			);
			dependencies = (
			);
			name = "ProgressX-2";
			productName = "ProgressX-2";
			productReference = 832213E02BC92D8E00DF9C7A /* ProgressX-2.app */;
			productType = "com.apple.product-type.application";
		};
		832213F42BC92D9000DF9C7A /* ProgressX-2Tests */ = {
			isa = PBXNativeTarget;
			buildConfigurationList = 8322140C2BC92D9000DF9C7A /* Build configuration list for PBXNativeTarget "ProgressX-2Tests" */;
			buildPhases = (
				832213F12BC92D9000DF9C7A /* Sources */,
				832213F22BC92D9000DF9C7A /* Frameworks */,
				832213F32BC92D9000DF9C7A /* Resources */,
			);
			buildRules = (
			);
			dependencies = (
				832213F72BC92D9000DF9C7A /* PBXTargetDependency */,
			);
			name = "ProgressX-2Tests";
			productName = "ProgressX-2Tests";
			productReference = 832213F52BC92D9000DF9C7A /* ProgressX-2Tests.xctest */;
			productType = "com.apple.product-type.bundle.unit-test";
		};
/* End PBXNativeTarget section */

/* Begin PBXProject section */
		832213D82BC92D8E00DF9C7A /* Project object */ = {
			isa = PBXProject;
			attributes = {
				BuildIndependentTargetsInParallel = 1;
				LastSwiftUpdateCheck = 1520;
				LastUpgradeCheck = 1520;
				TargetAttributes = {
					832213DF2BC92D8E00DF9C7A = {
						CreatedOnToolsVersion = 15.2;
					};
					832213F42BC92D9000DF9C7A = {
						CreatedOnToolsVersion = 15.2;
						TestTargetID = 832213DF2BC92D8E00DF9C7A;
					};
				};
			};
			buildConfigurationList = 832213DB2BC92D8E00DF9C7A /* Build configuration list for PBXProject "ProgressX-2" */;
			compatibilityVersion = "Xcode 14.0";
			developmentRegion = en;
			hasScannedForEncodings = 0;
			knownRegions = (
				en,
				Base,
			);
			mainGroup = 832213D72BC92D8E00DF9C7A;
			productRefGroup = 832213E12BC92D8E00DF9C7A /* Products */;
			projectDirPath = "";
			projectRoot = "";
			targets = (
				832213DF2BC92D8E00DF9C7A /* ProgressX-2 */,
				832213F42BC92D9000DF9C7A /* ProgressX-2Tests */,
			);
		};
/* End PBXProject section */

/* Begin PBXResourcesBuildPhase section */
		832213DE2BC92D8E00DF9C7A /* Resources */ = {
			isa = PBXResourcesBuildPhase;
			buildActionMask = 2147483647;
			files = (
				832214152BC937F800DF9C7A /* README.md in Resources */,
				832213EB2BC92D9000DF9C7A /* Preview Assets.xcassets in Resources */,
				832213E82BC92D9000DF9C7A /* Assets.xcassets in Resources */,
			);
			runOnlyForDeploymentPostprocessing = 0;
		};
		832213F32BC92D9000DF9C7A /* Resources */ = {
			isa = PBXResourcesBuildPhase;
			buildActionMask = 2147483647;
			files = (
			);
			runOnlyForDeploymentPostprocessing = 0;
		};
/* End PBXResourcesBuildPhase section */

/* Begin PBXSourcesBuildPhase section */
		832213DC2BC92D8E00DF9C7A /* Sources */ = {
			isa = PBXSourcesBuildPhase;
			buildActionMask = 2147483647;
			files = (
				832213ED2BC92D9000DF9C7A /* Persistence.swift in Sources */,
				832214262BD64C2E00DF9C7A /* BasicSegPicker.swift in Sources */,
				8FC6CA972C170F5B00432594 /* SideBar.swift in Sources */,
				83ACDB422BE57E8500BE9FE2 /* InputIntegerNumberField.swift in Sources */,
				832214302BD6D3DE00DF9C7A /* ViewRouter.swift in Sources */,
				832214282BD65A0E00DF9C7A /* InputDecimalNumberField.swift in Sources */,
				832214242BD4300B00DF9C7A /* InputShortTextField.swift in Sources */,
				832213E62BC92D8E00DF9C7A /* HomeView.swift in Sources */,
				8386FC542BDD0CBE005E34F9 /* InputField.swift in Sources */,
				832214172BC938C400DF9C7A /* CreateNewProfile1.swift in Sources */,
				8322142C2BD669C000DF9C7A /* CreateNewProfile2.swift in Sources */,
				832213F02BC92D9000DF9C7A /* ProgressX_2.xcdatamodeld in Sources */,
				832213E42BC92D8E00DF9C7A /* ProgressX_2App.swift in Sources */,
				8F4CCD452C1B110900F21301 /* Statistics.swift in Sources */,
				8322142E2BD6BF7200DF9C7A /* CreateNewProfile3.swift in Sources */,
			);
			runOnlyForDeploymentPostprocessing = 0;
		};
		832213F12BC92D9000DF9C7A /* Sources */ = {
			isa = PBXSourcesBuildPhase;
			buildActionMask = 2147483647;
			files = (
				832213FA2BC92D9000DF9C7A /* PersistanceTests.swift in Sources */,
			);
			runOnlyForDeploymentPostprocessing = 0;
		};
/* End PBXSourcesBuildPhase section */

/* Begin PBXTargetDependency section */
		832213F72BC92D9000DF9C7A /* PBXTargetDependency */ = {
			isa = PBXTargetDependency;
			target = 832213DF2BC92D8E00DF9C7A /* ProgressX-2 */;
			targetProxy = 832213F62BC92D9000DF9C7A /* PBXContainerItemProxy */;
		};
/* End PBXTargetDependency section */

/* Begin XCBuildConfiguration section */
		832214072BC92D9000DF9C7A /* Debug */ = {
			isa = XCBuildConfiguration;
			buildSettings = {
				ALWAYS_SEARCH_USER_PATHS = NO;
				ASSETCATALOG_COMPILER_GENERATE_SWIFT_ASSET_SYMBOL_EXTENSIONS = YES;
				CLANG_ANALYZER_NONNULL = YES;
				CLANG_ANALYZER_NUMBER_OBJECT_CONVERSION = YES_AGGRESSIVE;
				CLANG_CXX_LANGUAGE_STANDARD = "gnu++20";
				CLANG_ENABLE_MODULES = YES;
				CLANG_ENABLE_OBJC_ARC = YES;
				CLANG_ENABLE_OBJC_WEAK = YES;
				CLANG_WARN_BLOCK_CAPTURE_AUTORELEASING = YES;
				CLANG_WARN_BOOL_CONVERSION = YES;
				CLANG_WARN_COMMA = YES;
				CLANG_WARN_CONSTANT_CONVERSION = YES;
				CLANG_WARN_DEPRECATED_OBJC_IMPLEMENTATIONS = YES;
				CLANG_WARN_DIRECT_OBJC_ISA_USAGE = YES_ERROR;
				CLANG_WARN_DOCUMENTATION_COMMENTS = YES;
				CLANG_WARN_EMPTY_BODY = YES;
				CLANG_WARN_ENUM_CONVERSION = YES;
				CLANG_WARN_INFINITE_RECURSION = YES;
				CLANG_WARN_INT_CONVERSION = YES;
				CLANG_WARN_NON_LITERAL_NULL_CONVERSION = YES;
				CLANG_WARN_OBJC_IMPLICIT_RETAIN_SELF = YES;
				CLANG_WARN_OBJC_LITERAL_CONVERSION = YES;
				CLANG_WARN_OBJC_ROOT_CLASS = YES_ERROR;
				CLANG_WARN_QUOTED_INCLUDE_IN_FRAMEWORK_HEADER = YES;
				CLANG_WARN_RANGE_LOOP_ANALYSIS = YES;
				CLANG_WARN_STRICT_PROTOTYPES = YES;
				CLANG_WARN_SUSPICIOUS_MOVE = YES;
				CLANG_WARN_UNGUARDED_AVAILABILITY = YES_AGGRESSIVE;
				CLANG_WARN_UNREACHABLE_CODE = YES;
				CLANG_WARN__DUPLICATE_METHOD_MATCH = YES;
				COPY_PHASE_STRIP = NO;
				DEBUG_INFORMATION_FORMAT = dwarf;
				ENABLE_STRICT_OBJC_MSGSEND = YES;
				ENABLE_TESTABILITY = YES;
				ENABLE_USER_SCRIPT_SANDBOXING = YES;
				GCC_C_LANGUAGE_STANDARD = gnu17;
				GCC_DYNAMIC_NO_PIC = NO;
				GCC_NO_COMMON_BLOCKS = YES;
				GCC_OPTIMIZATION_LEVEL = 0;
				GCC_PREPROCESSOR_DEFINITIONS = (
					"DEBUG=1",
					"$(inherited)",
				);
				GCC_WARN_64_TO_32_BIT_CONVERSION = YES;
				GCC_WARN_ABOUT_RETURN_TYPE = YES_ERROR;
				GCC_WARN_UNDECLARED_SELECTOR = YES;
				GCC_WARN_UNINITIALIZED_AUTOS = YES_AGGRESSIVE;
				GCC_WARN_UNUSED_FUNCTION = YES;
				GCC_WARN_UNUSED_VARIABLE = YES;
				IPHONEOS_DEPLOYMENT_TARGET = 17.2;
				LOCALIZATION_PREFERS_STRING_CATALOGS = YES;
				MTL_ENABLE_DEBUG_INFO = INCLUDE_SOURCE;
				MTL_FAST_MATH = YES;
				ONLY_ACTIVE_ARCH = YES;
				SDKROOT = iphoneos;
				SWIFT_ACTIVE_COMPILATION_CONDITIONS = "DEBUG $(inherited)";
				SWIFT_OPTIMIZATION_LEVEL = "-Onone";
			};
			name = Debug;
		};
		832214082BC92D9000DF9C7A /* Release */ = {
			isa = XCBuildConfiguration;
			buildSettings = {
				ALWAYS_SEARCH_USER_PATHS = NO;
				ASSETCATALOG_COMPILER_GENERATE_SWIFT_ASSET_SYMBOL_EXTENSIONS = YES;
				CLANG_ANALYZER_NONNULL = YES;
				CLANG_ANALYZER_NUMBER_OBJECT_CONVERSION = YES_AGGRESSIVE;
				CLANG_CXX_LANGUAGE_STANDARD = "gnu++20";
				CLANG_ENABLE_MODULES = YES;
				CLANG_ENABLE_OBJC_ARC = YES;
				CLANG_ENABLE_OBJC_WEAK = YES;
				CLANG_WARN_BLOCK_CAPTURE_AUTORELEASING = YES;
				CLANG_WARN_BOOL_CONVERSION = YES;
				CLANG_WARN_COMMA = YES;
				CLANG_WARN_CONSTANT_CONVERSION = YES;
				CLANG_WARN_DEPRECATED_OBJC_IMPLEMENTATIONS = YES;
				CLANG_WARN_DIRECT_OBJC_ISA_USAGE = YES_ERROR;
				CLANG_WARN_DOCUMENTATION_COMMENTS = YES;
				CLANG_WARN_EMPTY_BODY = YES;
				CLANG_WARN_ENUM_CONVERSION = YES;
				CLANG_WARN_INFINITE_RECURSION = YES;
				CLANG_WARN_INT_CONVERSION = YES;
				CLANG_WARN_NON_LITERAL_NULL_CONVERSION = YES;
				CLANG_WARN_OBJC_IMPLICIT_RETAIN_SELF = YES;
				CLANG_WARN_OBJC_LITERAL_CONVERSION = YES;
				CLANG_WARN_OBJC_ROOT_CLASS = YES_ERROR;
				CLANG_WARN_QUOTED_INCLUDE_IN_FRAMEWORK_HEADER = YES;
				CLANG_WARN_RANGE_LOOP_ANALYSIS = YES;
				CLANG_WARN_STRICT_PROTOTYPES = YES;
				CLANG_WARN_SUSPICIOUS_MOVE = YES;
				CLANG_WARN_UNGUARDED_AVAILABILITY = YES_AGGRESSIVE;
				CLANG_WARN_UNREACHABLE_CODE = YES;
				CLANG_WARN__DUPLICATE_METHOD_MATCH = YES;
				COPY_PHASE_STRIP = NO;
				DEBUG_INFORMATION_FORMAT = "dwarf-with-dsym";
				ENABLE_NS_ASSERTIONS = NO;
				ENABLE_STRICT_OBJC_MSGSEND = YES;
				ENABLE_USER_SCRIPT_SANDBOXING = YES;
				GCC_C_LANGUAGE_STANDARD = gnu17;
				GCC_NO_COMMON_BLOCKS = YES;
				GCC_WARN_64_TO_32_BIT_CONVERSION = YES;
				GCC_WARN_ABOUT_RETURN_TYPE = YES_ERROR;
				GCC_WARN_UNDECLARED_SELECTOR = YES;
				GCC_WARN_UNINITIALIZED_AUTOS = YES_AGGRESSIVE;
				GCC_WARN_UNUSED_FUNCTION = YES;
				GCC_WARN_UNUSED_VARIABLE = YES;
				IPHONEOS_DEPLOYMENT_TARGET = 17.2;
				LOCALIZATION_PREFERS_STRING_CATALOGS = YES;
				MTL_ENABLE_DEBUG_INFO = NO;
				MTL_FAST_MATH = YES;
				SDKROOT = iphoneos;
				SWIFT_COMPILATION_MODE = wholemodule;
				VALIDATE_PRODUCT = YES;
			};
			name = Release;
		};
		8322140A2BC92D9000DF9C7A /* Debug */ = {
			isa = XCBuildConfiguration;
			buildSettings = {
				ASSETCATALOG_COMPILER_APPICON_NAME = AppIcon;
				ASSETCATALOG_COMPILER_GLOBAL_ACCENT_COLOR_NAME = AccentColor;
				CODE_SIGN_STYLE = Automatic;
				CURRENT_PROJECT_VERSION = 1;
				DEVELOPMENT_ASSET_PATHS = "\"ProgressX-2/Preview Content\"";
				ENABLE_PREVIEWS = YES;
				GENERATE_INFOPLIST_FILE = YES;
				INFOPLIST_KEY_UIApplicationSceneManifest_Generation = YES;
				INFOPLIST_KEY_UIApplicationSupportsIndirectInputEvents = YES;
				INFOPLIST_KEY_UILaunchScreen_Generation = YES;
				INFOPLIST_KEY_UISupportedInterfaceOrientations_iPad = "UIInterfaceOrientationPortrait UIInterfaceOrientationPortraitUpsideDown UIInterfaceOrientationLandscapeLeft UIInterfaceOrientationLandscapeRight";
				INFOPLIST_KEY_UISupportedInterfaceOrientations_iPhone = "UIInterfaceOrientationPortrait UIInterfaceOrientationLandscapeLeft UIInterfaceOrientationLandscapeRight";
				LD_RUNPATH_SEARCH_PATHS = (
					"$(inherited)",
					"@executable_path/Frameworks",
				);
				MARKETING_VERSION = 1.0;
				PRODUCT_BUNDLE_IDENTIFIER = "WilliamLucas.ProgressX-2";
				PRODUCT_NAME = "$(TARGET_NAME)";
				SWIFT_EMIT_LOC_STRINGS = YES;
				SWIFT_VERSION = 5.0;
				TARGETED_DEVICE_FAMILY = "1,2";
			};
			name = Debug;
		};
		8322140B2BC92D9000DF9C7A /* Release */ = {
			isa = XCBuildConfiguration;
			buildSettings = {
				ASSETCATALOG_COMPILER_APPICON_NAME = AppIcon;
				ASSETCATALOG_COMPILER_GLOBAL_ACCENT_COLOR_NAME = AccentColor;
				CODE_SIGN_STYLE = Automatic;
				CURRENT_PROJECT_VERSION = 1;
				DEVELOPMENT_ASSET_PATHS = "\"ProgressX-2/Preview Content\"";
				ENABLE_PREVIEWS = YES;
				GENERATE_INFOPLIST_FILE = YES;
				INFOPLIST_KEY_UIApplicationSceneManifest_Generation = YES;
				INFOPLIST_KEY_UIApplicationSupportsIndirectInputEvents = YES;
				INFOPLIST_KEY_UILaunchScreen_Generation = YES;
				INFOPLIST_KEY_UISupportedInterfaceOrientations_iPad = "UIInterfaceOrientationPortrait UIInterfaceOrientationPortraitUpsideDown UIInterfaceOrientationLandscapeLeft UIInterfaceOrientationLandscapeRight";
				INFOPLIST_KEY_UISupportedInterfaceOrientations_iPhone = "UIInterfaceOrientationPortrait UIInterfaceOrientationLandscapeLeft UIInterfaceOrientationLandscapeRight";
				LD_RUNPATH_SEARCH_PATHS = (
					"$(inherited)",
					"@executable_path/Frameworks",
				);
				MARKETING_VERSION = 1.0;
				PRODUCT_BUNDLE_IDENTIFIER = "WilliamLucas.ProgressX-2";
				PRODUCT_NAME = "$(TARGET_NAME)";
				SWIFT_EMIT_LOC_STRINGS = YES;
				SWIFT_VERSION = 5.0;
				TARGETED_DEVICE_FAMILY = "1,2";
			};
			name = Release;
		};
		8322140D2BC92D9000DF9C7A /* Debug */ = {
			isa = XCBuildConfiguration;
			buildSettings = {
				ALWAYS_EMBED_SWIFT_STANDARD_LIBRARIES = YES;
				BUNDLE_LOADER = "$(TEST_HOST)";
				CODE_SIGN_STYLE = Automatic;
				CURRENT_PROJECT_VERSION = 1;
				GENERATE_INFOPLIST_FILE = YES;
				IPHONEOS_DEPLOYMENT_TARGET = 17.2;
				MARKETING_VERSION = 1.0;
				PRODUCT_BUNDLE_IDENTIFIER = "WilliamLucas.ProgressX-2Tests";
				PRODUCT_NAME = "$(TARGET_NAME)";
				SWIFT_EMIT_LOC_STRINGS = NO;
				SWIFT_VERSION = 5.0;
				TARGETED_DEVICE_FAMILY = "1,2";
				TEST_HOST = "$(BUILT_PRODUCTS_DIR)/ProgressX-2.app/$(BUNDLE_EXECUTABLE_FOLDER_PATH)/ProgressX-2";
			};
			name = Debug;
		};
		8322140E2BC92D9000DF9C7A /* Release */ = {
			isa = XCBuildConfiguration;
			buildSettings = {
				ALWAYS_EMBED_SWIFT_STANDARD_LIBRARIES = YES;
				BUNDLE_LOADER = "$(TEST_HOST)";
				CODE_SIGN_STYLE = Automatic;
				CURRENT_PROJECT_VERSION = 1;
				GENERATE_INFOPLIST_FILE = YES;
				IPHONEOS_DEPLOYMENT_TARGET = 17.2;
				MARKETING_VERSION = 1.0;
				PRODUCT_BUNDLE_IDENTIFIER = "WilliamLucas.ProgressX-2Tests";
				PRODUCT_NAME = "$(TARGET_NAME)";
				SWIFT_EMIT_LOC_STRINGS = NO;
				SWIFT_VERSION = 5.0;
				TARGETED_DEVICE_FAMILY = "1,2";
				TEST_HOST = "$(BUILT_PRODUCTS_DIR)/ProgressX-2.app/$(BUNDLE_EXECUTABLE_FOLDER_PATH)/ProgressX-2";
			};
			name = Release;
		};
/* End XCBuildConfiguration section */

/* Begin XCConfigurationList section */
		832213DB2BC92D8E00DF9C7A /* Build configuration list for PBXProject "ProgressX-2" */ = {
			isa = XCConfigurationList;
			buildConfigurations = (
				832214072BC92D9000DF9C7A /* Debug */,
				832214082BC92D9000DF9C7A /* Release */,
			);
			defaultConfigurationIsVisible = 0;
			defaultConfigurationName = Release;
		};
		832214092BC92D9000DF9C7A /* Build configuration list for PBXNativeTarget "ProgressX-2" */ = {
			isa = XCConfigurationList;
			buildConfigurations = (
				8322140A2BC92D9000DF9C7A /* Debug */,
				8322140B2BC92D9000DF9C7A /* Release */,
			);
			defaultConfigurationIsVisible = 0;
			defaultConfigurationName = Release;
		};
		8322140C2BC92D9000DF9C7A /* Build configuration list for PBXNativeTarget "ProgressX-2Tests" */ = {
			isa = XCConfigurationList;
			buildConfigurations = (
				8322140D2BC92D9000DF9C7A /* Debug */,
				8322140E2BC92D9000DF9C7A /* Release */,
			);
			defaultConfigurationIsVisible = 0;
			defaultConfigurationName = Release;
		};
/* End XCConfigurationList section */

/* Begin XCVersionGroup section */
		832213EE2BC92D9000DF9C7A /* ProgressX_2.xcdatamodeld */ = {
			isa = XCVersionGroup;
			children = (
				832213EF2BC92D9000DF9C7A /* ProgressX_2.xcdatamodel */,
			);
			currentVersion = 832213EF2BC92D9000DF9C7A /* ProgressX_2.xcdatamodel */;
			path = ProgressX_2.xcdatamodeld;
			sourceTree = "<group>";
			versionGroupType = wrapper.xcdatamodel;
		};
/* End XCVersionGroup section */
	};
	rootObject = 832213D82BC92D8E00DF9C7A /* Project object */;
}
